<?xml version="1.0" encoding="utf-8"?>
<Project ToolsVersion="4.0" xmlns="http://schemas.microsoft.com/developer/msbuild/2003">
  <ItemGroup>
    <Filter Include="Source Files">
      <UniqueIdentifier>{4FC737F1-C7A5-4376-A066-2A32D752A2FF}</UniqueIdentifier>
      <Extensions>cpp;c;cc;cxx;c++;cppm;ixx;def;odl;idl;hpj;bat;asm;asmx</Extensions>
    </Filter>
    <Filter Include="Header Files">
      <UniqueIdentifier>{93995380-89BD-4b04-88EB-625FBE52EBFB}</UniqueIdentifier>
      <Extensions>h;hh;hpp;hxx;h++;hm;inl;inc;ipp;xsd</Extensions>
    </Filter>
    <Filter Include="Resource Files">
      <UniqueIdentifier>{67DA6AB6-F800-4c08-8B7A-83BB121AAD01}</UniqueIdentifier>
      <Extensions>rc;ico;cur;bmp;dlg;rc2;rct;bin;rgs;gif;jpg;jpeg;jpe;resx;tiff;tif;png;wav;mfcribbon-ms</Extensions>
    </Filter>
  </ItemGroup>
  <ItemGroup>
    <ClInclude Include="MRAffineXf.h">
      <Filter>Header Files</Filter>
    </ClInclude>
    <ClInclude Include="MRBitSet.h">
      <Filter>Header Files</Filter>
    </ClInclude>
    <ClInclude Include="MRBooleanResultMapper.h">
      <Filter>Header Files</Filter>
    </ClInclude>
    <ClInclude Include="MRBox3.h">
      <Filter>Header Files</Filter>
    </ClInclude>
    <ClInclude Include="MRContoursCut.h">
      <Filter>Header Files</Filter>
    </ClInclude>
    <ClInclude Include="MRCoordinateConverters.h">
      <Filter>Header Files</Filter>
    </ClInclude>
    <ClInclude Include="MRICP.h">
      <Filter>Header Files</Filter>
    </ClInclude>
    <ClInclude Include="MRIntersectionContour.h">
      <Filter>Header Files</Filter>
    </ClInclude>
    <ClInclude Include="MRMatrix3.h">
      <Filter>Header Files</Filter>
    </ClInclude>
    <ClInclude Include="MRMesh.h">
      <Filter>Header Files</Filter>
    </ClInclude>
    <ClInclude Include="MRMeshBoolean.h">
      <Filter>Header Files</Filter>
    </ClInclude>
    <ClInclude Include="MRMeshCollidePrecise.h">
      <Filter>Header Files</Filter>
    </ClInclude>
    <ClInclude Include="MRMeshDecimate.h">
      <Filter>Header Files</Filter>
    </ClInclude>
    <ClInclude Include="MRMeshFwd.h">
      <Filter>Header Files</Filter>
    </ClInclude>
    <ClInclude Include="MRMeshNormals.h">
      <Filter>Header Files</Filter>
    </ClInclude>
    <ClInclude Include="MRMeshOrPoints.h">
      <Filter>Header Files</Filter>
    </ClInclude>
    <ClInclude Include="MRMeshTriPoint.h">
      <Filter>Header Files</Filter>
    </ClInclude>
    <ClInclude Include="MRMultiwayICP.h">
      <Filter>Header Files</Filter>
    </ClInclude>
    <ClInclude Include="MROffset.h">
      <Filter>Header Files</Filter>
    </ClInclude>
    <ClInclude Include="MRPointCloud.h">
      <Filter>Header Files</Filter>
    </ClInclude>
    <ClInclude Include="MRVector3.h">
      <Filter>Header Files</Filter>
    </ClInclude>
  </ItemGroup>
  <ItemGroup>
   <ClCompile Include="AssemblyInfo.cpp">
      <Filter>Resource Files</Filter>
    </ClCompile>
    <ClCompile Include="MRAffineXf.cpp">
      <Filter>Resource Files</Filter>
    </ClCompile>
    <ClCompile Include="MRBitSet.cpp">
      <Filter>Resource Files</Filter>
    </ClCompile>
    <ClCompile Include="MRBooleanResultMapper.cpp">
      <Filter>Resource Files</Filter>
    </ClCompile>
    <ClCompile Include="MRBox3.cpp">
      <Filter>Resource Files</Filter>
    </ClCompile>
    <ClCompile Include="MRContoursCut.cpp">
      <Filter>Resource Files</Filter>
    </ClCompile>
    <ClCompile Include="MRCoordinateConverters.cpp">
      <Filter>Resource Files</Filter>
    </ClCompile>
    <ClCompile Include="MRICP.cpp">
      <Filter>Resource Files</Filter>
    </ClCompile>
    <ClCompile Include="MRIntersectionContour.cpp">
      <Filter>Resource Files</Filter>
    </ClCompile>
    <ClCompile Include="MRMatrix3.cpp">
      <Filter>Resource Files</Filter>
    </ClCompile>
    <ClCompile Include="MRMesh.cpp">
      <Filter>Resource Files</Filter>
    </ClCompile>
    <ClCompile Include="MRMeshBoolean.cpp">
      <Filter>Resource Files</Filter>
    </ClCompile>
    <ClCompile Include="MRMeshCollidePrecise.cpp">
      <Filter>Resource Files</Filter>
    </ClCompile>
    <ClCompile Include="MRMeshDecimate.cpp">
      <Filter>Resource Files</Filter>
    </ClCompile>
    <ClCompile Include="MRMeshNormals.cpp">
      <Filter>Resource Files</Filter>
    </ClCompile>
    <ClCompile Include="MRMeshOrPoints.cpp">
      <Filter>Resource Files</Filter>
    </ClCompile>
    <ClCompile Include="MRMeshTriPoint.cpp">
      <Filter>Resource Files</Filter>
    </ClCompile>
    <ClCompile Include="MRMultiwayICP.cpp">
      <Filter>Resource Files</Filter>
    </ClCompile>
    <ClCompile Include="MROffset.cpp">
      <Filter>Resource Files</Filter>
    </ClCompile>
    <ClCompile Include="MRPointCloud.cpp">
      <Filter>Resource Files</Filter>
    </ClCompile>
    <ClCompile Include="MRVector3.cpp">
      <Filter>Resource Files</Filter>
    </ClCompile>
  </ItemGroup>
</Project>