<?xml version="1.0" encoding="utf-8"?>
<Project ToolsVersion="4.0" xmlns="http://schemas.microsoft.com/developer/msbuild/2003">
  <ItemGroup>
    <Filter Include="Source Files">
      <UniqueIdentifier>{4FC737F1-C7A5-4376-A066-2A32D752A2FF}</UniqueIdentifier>
      <Extensions>cpp;c;cc;cxx;def;odl;idl;hpj;bat;asm;asmx</Extensions>
    </Filter>
  </ItemGroup>
  <ItemGroup>
    <ClCompile Include="MRSpdlog.cpp">
      <Filter>Source Files</Filter>
    </ClCompile>
    <ClCompile Include="MRTestApp.cpp">
      <Filter>Source Files</Filter>
    </ClCompile>
    <ClCompile Include="MRTriangleIntersection.cpp">
      <Filter>Source Files</Filter>
    </ClCompile>
    <ClCompile Include="MRZlib.cpp">
      <Filter>Source Files</Filter>
    </ClCompile>
    <ClCompile Include="MRPolylineTrimWithPlane.cpp">
      <Filter>Source Files</Filter>
    </ClCompile>
    <ClCompile Include="MRChunkIterator.cpp">
      <Filter>Source Files</Filter>
    </ClCompile>
    <ClCompile Include="MRMeshTests.cpp">
      <Filter>Source Files</Filter>
    </ClCompile>
    <ClCompile Include="MRBestFitTests.cpp">
      <Filter>Source Files</Filter>
    </ClCompile>
    <ClCompile Include="MRExampleTest.cpp">
      <Filter>Source Files</Filter>
    </ClCompile>
    <ClCompile Include="MRExtractIsolinesTests.cpp">
      <Filter>Source Files</Filter>
    </ClCompile>
    <ClCompile Include="MRMeshLoadSaveTest.cpp">
      <Filter>Source Files</Filter>
    </ClCompile>
    <ClCompile Include="MRBezierTests.cpp">
      <Filter>Source Files</Filter>
    </ClCompile>
    <ClCompile Include="MRPdfTests.cpp">
      <Filter>Source Files</Filter>
    </ClCompile>
    <ClCompile Include="MRVolumeToMeshByPartsTests.cpp">
      <Filter>Source Files</Filter>
    </ClCompile>
    <ClCompile Include="MRNaNTest.cpp">
      <Filter>Source Files</Filter>
    </ClCompile>
    <ClCompile Include="MRMeshVoxelsConverter.cpp">
      <Filter>Source Files</Filter>
    </ClCompile>
    <ClCompile Include="MRBoxTests.cpp">
      <Filter>Source Files</Filter>
    </ClCompile>
    <ClCompile Include="MRMeshIntersectTests.cpp">
      <Filter>Source Files</Filter>
    </ClCompile>
    <ClCompile Include="MRTriMathTests.cpp">
      <Filter>Source Files</Filter>
    </ClCompile>
    <ClCompile Include="MRSurfacePathTests.cpp">
      <Filter>Source Files</Filter>
    </ClCompile>
    <ClCompile Include="MRProgressCallback.cpp">
      <Filter>Source Files</Filter>
    </ClCompile>
    <ClCompile Include="MRPolyline2IntersectTests.cpp">
      <Filter>Source Files</Filter>
    </ClCompile>
    <ClCompile Include="MRPointCloudVariadicOffsetTests.cpp">
      <Filter>Source Files</Filter>
    </ClCompile>
    <ClCompile Include="MREdgeLengthMeshTests.cpp">
      <Filter>Source Files</Filter>
    </ClCompile>
    <ClCompile Include="MRLaplacianTests.cpp">
      <Filter>Source Files</Filter>
    </ClCompile>
    <ClCompile Include="MRPolylineTests.cpp">
      <Filter>Source Files</Filter>
    </ClCompile>
    <ClCompile Include="MRMarchingCubesTests.cpp">
      <Filter>Source Files</Filter>
    </ClCompile>
    <ClCompile Include="MRContoursCutTests.cpp">
      <Filter>Source Files</Filter>
    </ClCompile>
    <ClCompile Include="MRMeshTopologyTests.cpp">
      <Filter>Source Files</Filter>
    </ClCompile>
    <ClCompile Include="MRMeshComponentsTests.cpp">
      <Filter>Source Files</Filter>
    </ClCompile>
    <ClCompile Include="MRTBBTests.cpp">
      <Filter>Source Files</Filter>
    </ClCompile>
    <ClCompile Include="MRFeaturesTests.cpp">
      <Filter>Source Files</Filter>
    </ClCompile>
    <ClCompile Include="MRAABBTreePointsTests.cpp">
      <Filter>Source Files</Filter>
    </ClCompile>
    <ClCompile Include="MRConvexHull.cpp">
      <Filter>Source Files</Filter>
    </ClCompile>
    <ClCompile Include="MRPrecisePredicatesTests.cpp">
      <Filter>Source Files</Filter>
    </ClCompile>
    <ClCompile Include="MRCylinderApproximation.cpp">
      <Filter>Source Files</Filter>
    </ClCompile>
    <ClCompile Include="MRSolidOfRevolution.cpp">
      <Filter>Source Files</Filter>
    </ClCompile>
    <ClCompile Include="MRMeshMeshDistanceTests.cpp">
      <Filter>Source Files</Filter>
    </ClCompile>
    <ClCompile Include="MRBitSetTests.cpp">
      <Filter>Source Files</Filter>
    </ClCompile>
  </ItemGroup>
  <ItemGroup>
    <None Include="..\.editorconfig" />
  </ItemGroup>
</Project>