<?xml version="1.0" encoding="utf-8"?>
<Project ToolsVersion="4.0" xmlns="http://schemas.microsoft.com/developer/msbuild/2003">
  <ItemGroup>
    <Filter Include="Boolean">
      <UniqueIdentifier>{19a184b1-71c6-44cb-98cb-9960ef08133f}</UniqueIdentifier>
    </Filter>
  </ItemGroup>
  <ItemGroup>
    <ClCompile Include="MREBooleanOperation.cpp">
      <Filter>Boolean</Filter>
    </ClCompile>
    <ClCompile Include="MREMeshBoolean.cpp">
      <Filter>Boolean</Filter>
    </ClCompile>
    <ClCompile Include="MREMeshBooleanFacade.cpp">
      <Filter>Boolean</Filter>
    </ClCompile>
    <ClCompile Include="MREPartialOffset.cpp">
      <Filter>Boolean</Filter>
    </ClCompile>
  </ItemGroup>
  <ItemGroup>
    <ClInclude Include="exports.h" />
    <ClInclude Include="MREBooleanOperation.h">
      <Filter>Boolean</Filter>
    </ClInclude>
    <ClInclude Include="MREMeshBoolean.h">
      <Filter>Boolean</Filter>
    </ClInclude>
    <ClInclude Include="MREMeshBooleanFacade.h">
      <Filter>Boolean</Filter>
    </ClInclude>
    <ClInclude Include="MREPartialOffset.h">
      <Filter>Boolean</Filter>
    </ClInclude>
  </ItemGroup>
  <ItemGroup>
    <None Include="..\..\MeshRUs\source\.editorconfig" />
  </ItemGroup>
</Project>