<?xml version="1.0" encoding="utf-8"?>
<Project ToolsVersion="4.0" xmlns="http://schemas.microsoft.com/developer/msbuild/2003">
  <ItemGroup>
    <Filter Include="Boolean">
      <UniqueIdentifier>{19a184b1-71c6-44cb-98cb-9960ef08133f}</UniqueIdentifier>
    </Filter>
    <Filter Include="Triangulation">
      <UniqueIdentifier>{52bc0a6e-a10e-4e53-8cd9-efb8d3ec75a0}</UniqueIdentifier>
    </Filter>
    <Filter Include="Decimation">
      <UniqueIdentifier>{8510f809-b17c-40c2-a558-977a3664dd0c}</UniqueIdentifier>
    </Filter>
    <Filter Include="Contours">
      <UniqueIdentifier>{d7c359bd-2022-4549-badd-3794e7bd8383}</UniqueIdentifier>
    </Filter>
  </ItemGroup>
  <ItemGroup>
    <ClCompile Include="MREBooleanOperation.cpp">
      <Filter>Boolean</Filter>
    </ClCompile>
    <ClCompile Include="MREMeshBoolean.cpp">
      <Filter>Boolean</Filter>
    </ClCompile>
    <ClCompile Include="MREMeshBooleanFacade.cpp">
      <Filter>Boolean</Filter>
    </ClCompile>
    <ClCompile Include="MREPartialOffset.cpp">
      <Filter>Boolean</Filter>
    </ClCompile>
    <ClCompile Include="MREPointCloudTriangulation.cpp">
      <Filter>Triangulation</Filter>
    </ClCompile>
    <ClCompile Include="MREPointCloudTriangulationHelpers.cpp">
      <Filter>Triangulation</Filter>
    </ClCompile>
    <ClCompile Include="MREFillHoleMetrics.cpp">
      <Filter>Triangulation</Filter>
    </ClCompile>
    <ClCompile Include="MREMeshDecimate.cpp">
      <Filter>Decimation</Filter>
    </ClCompile>
    <ClCompile Include="MREContoursCut.cpp">
      <Filter>Contours</Filter>
    </ClCompile>
    <ClCompile Include="MREContoursSeparation.cpp">
      <Filter>Contours</Filter>
    </ClCompile>
    <ClCompile Include="MREIntersectionContour.cpp">
      <Filter>Contours</Filter>
    </ClCompile>
    <ClCompile Include="MREMeshDecimateParallel.cpp">
      <Filter>Decimation</Filter>
    </ClCompile>
    <ClCompile Include="MREPolylineDecimate.cpp">
      <Filter>Decimation</Filter>
    </ClCompile>
  </ItemGroup>
  <ItemGroup>
    <ClInclude Include="exports.h" />
    <ClInclude Include="MREBooleanOperation.h">
      <Filter>Boolean</Filter>
    </ClInclude>
    <ClInclude Include="MREMeshBoolean.h">
      <Filter>Boolean</Filter>
    </ClInclude>
    <ClInclude Include="MREMeshBooleanFacade.h">
      <Filter>Boolean</Filter>
    </ClInclude>
    <ClInclude Include="MREPartialOffset.h">
      <Filter>Boolean</Filter>
    </ClInclude>
    <ClInclude Include="MREPointCloudTriangulation.h">
      <Filter>Triangulation</Filter>
    </ClInclude>
    <ClInclude Include="MREPointCloudTriangulationHelpers.h">
      <Filter>Triangulation</Filter>
    </ClInclude>
    <ClInclude Include="MREFillHoleMetrics.h">
      <Filter>Triangulation</Filter>
    </ClInclude>
    <ClInclude Include="MREMeshDecimate.h">
      <Filter>Decimation</Filter>
    </ClInclude>
    <ClInclude Include="MREContoursCut.h">
      <Filter>Contours</Filter>
    </ClInclude>
    <ClInclude Include="MREContoursSeparation.h">
      <Filter>Contours</Filter>
    </ClInclude>
    <ClInclude Include="MREIntersectionContour.h">
      <Filter>Contours</Filter>
    </ClInclude>
    <ClInclude Include="MREMeshDecimateParallel.h">
      <Filter>Decimation</Filter>
    </ClInclude>
    <ClInclude Include="MREPolylineDecimate.h">
      <Filter>Decimation</Filter>
    </ClInclude>
  </ItemGroup>
  <ItemGroup>
    <None Include="..\..\MeshRUs\source\.editorconfig" />
  </ItemGroup>
</Project>