<?xml version="1.0" encoding="utf-8"?>
<Project ToolsVersion="4.0" xmlns="http://schemas.microsoft.com/developer/msbuild/2003">
  <ItemGroup>
    <Filter Include="ViewerButtons">
      <UniqueIdentifier>{535d3a03-2640-4947-ba9b-90ed65172e06}</UniqueIdentifier>
    </Filter>
    <Filter Include="resource">
      <UniqueIdentifier>{cd4e097d-9c15-4e71-aca2-b030bd5f3373}</UniqueIdentifier>
    </Filter>
    <Filter Include="resource\icons">
      <UniqueIdentifier>{4324cf41-5d8c-4020-8a50-ad0a3a3e6404}</UniqueIdentifier>
    </Filter>
    <Filter Include="Basic">
      <UniqueIdentifier>{ca080fab-4f63-415d-ad88-fe5e47f960cf}</UniqueIdentifier>
    </Filter>
    <Filter Include="Selectors">
      <UniqueIdentifier>{214ba58b-ff09-41e7-a8d7-6ff2d61ed9ce}</UniqueIdentifier>
    </Filter>
    <Filter Include="Voxels">
      <UniqueIdentifier>{e96c524c-51fb-4651-9348-145c4acfd879}</UniqueIdentifier>
    </Filter>
    <Filter Include="resource\icons\X0_5">
      <UniqueIdentifier>{2fe2e04f-efe2-43d5-b1bb-b77e7ba2956b}</UniqueIdentifier>
    </Filter>
    <Filter Include="resource\icons\X0_75">
      <UniqueIdentifier>{ea5af993-6cbc-431c-abbc-af8449e3657f}</UniqueIdentifier>
    </Filter>
    <Filter Include="resource\icons\X1">
      <UniqueIdentifier>{042e9fc5-75fc-4fff-902b-48c9fe9616dd}</UniqueIdentifier>
    </Filter>
    <Filter Include="resource\icons\X3">
      <UniqueIdentifier>{c8d6b122-1ded-4171-b50a-5109b3a53cb3}</UniqueIdentifier>
    </Filter>
  </ItemGroup>
  <ItemGroup>
    <ClCompile Include="Basic\MRMoveObjectByMouse.cpp">
      <Filter>Basic</Filter>
    </ClCompile>
    <ClCompile Include="Selectors\MRSelectObjectByClick.cpp">
      <Filter>Selectors</Filter>
    </ClCompile>
    <ClCompile Include="ViewerButtons\MRIOFilesMenuItems.cpp">
      <Filter>ViewerButtons</Filter>
    </ClCompile>
    <ClCompile Include="ViewerButtons\MRSceneControlMenuItems.cpp">
      <Filter>ViewerButtons</Filter>
    </ClCompile>
    <ClCompile Include="ViewerButtons\MRRibbonSceneButtons.cpp">
      <Filter>ViewerButtons</Filter>
    </ClCompile>
    <ClCompile Include="Voxels\MROpenRawVoxelsPlugin.cpp">
      <Filter>Voxels</Filter>
    </ClCompile>
    <ClCompile Include="Basic\MRCameraOrientationPlugin.cpp">
      <Filter>Basic</Filter>
    </ClCompile>
    <ClCompile Include="ViewerButtons\MRAddCustomTheme.cpp">
      <Filter>ViewerButtons</Filter>
    </ClCompile>
    <ClCompile Include="Voxels\MROpenVoxelsFromTiffPlugin.cpp">
      <Filter>Voxels</Filter>
    </ClCompile>
    <ClCompile Include="ViewerButtons\MRActiveListPlugin.cpp">
      <Filter>ViewerButtons</Filter>
    </ClCompile>
    <ClCompile Include="Basic\MRShowGlobalBasis.cpp">
      <Filter>Basic</Filter>
    </ClCompile>
    <ClCompile Include="ViewerButtons\MRRotatorPlugin.cpp">
      <Filter>ViewerButtons</Filter>
    </ClCompile>
    <ClCompile Include="Basic\MRObjectInfo.cpp">
      <Filter>Basic</Filter>
    </ClCompile>
    <ClCompile Include="ViewerButtons\MRInvertView.cpp">
      <Filter>ViewerButtons</Filter>
    </ClCompile>
    <ClCompile Include="Voxels\MRBinaryOperationsPlugin.cpp">
      <Filter>Voxels</Filter>
    </ClCompile>
  </ItemGroup>
  <ItemGroup>
    <ClInclude Include="exports.h" />
    <ClInclude Include="Basic\MRMoveObjectByMouse.h">
      <Filter>Basic</Filter>
    </ClInclude>
    <ClInclude Include="Basic\MRWasmUnavailablePlugin.h">
      <Filter>Basic</Filter>
    </ClInclude>
    <ClInclude Include="Selectors\MRSelectObjectByClick.h">
      <Filter>Selectors</Filter>
    </ClInclude>
    <ClInclude Include="ViewerButtons\MRIOFilesMenuItems.h">
      <Filter>ViewerButtons</Filter>
    </ClInclude>
    <ClInclude Include="ViewerButtons\MRSceneControlMenuItems.h">
      <Filter>ViewerButtons</Filter>
    </ClInclude>
    <ClInclude Include="ViewerButtons\MRRibbonSceneButtons.h">
      <Filter>ViewerButtons</Filter>
    </ClInclude>
    <ClInclude Include="Voxels\MROpenRawVoxelsPlugin.h">
      <Filter>Voxels</Filter>
    </ClInclude>
    <ClInclude Include="Basic\MRCameraOrientationPlugin.h">
      <Filter>Basic</Filter>
    </ClInclude>
    <ClInclude Include="ViewerButtons\MRAddCustomTheme.h">
      <Filter>ViewerButtons</Filter>
    </ClInclude>
    <ClInclude Include="Voxels\MRBinaryOperationsPlugin.h">
      <Filter>Voxels</Filter>
    </ClInclude>
  </ItemGroup>
  <ItemGroup>
    <CopyFileToFolders Include="MRRibbonCommonMenuStructure.items.json" />
    <CopyFileToFolders Include="MRRibbonCommonMenuStructure.ui.json" />
  </ItemGroup>
  <ItemGroup>
    <None Include="$(ProjectDir)..\.editorconfig" />
  </ItemGroup>
  <ItemGroup>
    <Image Include="resource\icons\X0_5\Add custom theme.png">
      <Filter>resource\icons\X0_5</Filter>
    </Image>
    <Image Include="resource\icons\X0_5\Back View.png">
      <Filter>resource\icons\X0_5</Filter>
    </Image>
    <Image Include="resource\icons\X0_5\Bottom View.png">
      <Filter>resource\icons\X0_5</Filter>
    </Image>
    <Image Include="resource\icons\X0_5\Camera.png">
      <Filter>resource\icons\X0_5</Filter>
    </Image>
    <Image Include="resource\icons\X0_5\Capture screenshot.png">
      <Filter>resource\icons\X0_5</Filter>
    </Image>
    <Image Include="resource\icons\X0_5\Capture UI screenshot.png">
      <Filter>resource\icons\X0_5</Filter>
    </Image>
    <Image Include="resource\icons\X0_5\Fit data.png">
      <Filter>resource\icons\X0_5</Filter>
    </Image>
    <Image Include="resource\icons\X0_5\Fit selected objects.png">
      <Filter>resource\icons\X0_5</Filter>
    </Image>
    <Image Include="resource\icons\X0_5\Fit selected primitives.png">
      <Filter>resource\icons\X0_5</Filter>
    </Image>
    <Image Include="resource\icons\X0_5\Front View.png">
      <Filter>resource\icons\X0_5</Filter>
    </Image>
    <Image Include="resource\icons\X0_5\Horizontal Viewports.png">
      <Filter>resource\icons\X0_5</Filter>
    </Image>
    <Image Include="resource\icons\X0_5\Isometric View.png">
      <Filter>resource\icons\X0_5</Filter>
    </Image>
    <Image Include="resource\icons\X0_5\Left View.png">
      <Filter>resource\icons\X0_5</Filter>
    </Image>
    <Image Include="resource\icons\X0_5\Move object.png">
      <Filter>resource\icons\X0_5</Filter>
    </Image>
    <Image Include="resource\icons\X0_5\New.png">
      <Filter>resource\icons\X0_5</Filter>
    </Image>
    <Image Include="resource\icons\X0_5\Open DICOMs.png">
      <Filter>resource\icons\X0_5</Filter>
    </Image>
    <Image Include="resource\icons\X0_5\Open directory.png">
      <Filter>resource\icons\X0_5</Filter>
    </Image>
    <Image Include="resource\icons\X0_5\Open files.png">
      <Filter>resource\icons\X0_5</Filter>
    </Image>
    <Image Include="resource\icons\X0_5\Open RAW Voxels.png">
      <Filter>resource\icons\X0_5</Filter>
    </Image>
    <Image Include="resource\icons\X0_5\Open Voxels From TIFF.png">
      <Filter>resource\icons\X0_5</Filter>
    </Image>
    <Image Include="resource\icons\X0_5\Quad Viewports.png">
      <Filter>resource\icons\X0_5</Filter>
    </Image>
    <Image Include="resource\icons\X0_5\Right View.png">
      <Filter>resource\icons\X0_5</Filter>
    </Image>
    <Image Include="resource\icons\X0_5\Save object.png">
      <Filter>resource\icons\X0_5</Filter>
    </Image>
    <Image Include="resource\icons\X0_5\Save Scene As.png">
      <Filter>resource\icons\X0_5</Filter>
    </Image>
    <Image Include="resource\icons\X0_5\Save Scene.png">
      <Filter>resource\icons\X0_5</Filter>
    </Image>
    <Image Include="resource\icons\X0_5\Save selected.png">
      <Filter>resource\icons\X0_5</Filter>
    </Image>
    <Image Include="resource\icons\X0_5\Screenshot to clipboard.png">
      <Filter>resource\icons\X0_5</Filter>
    </Image>
    <Image Include="resource\icons\X0_5\Select objects.png">
      <Filter>resource\icons\X0_5</Filter>
    </Image>
    <Image Include="resource\icons\X0_5\Single Viewport.png">
      <Filter>resource\icons\X0_5</Filter>
    </Image>
    <Image Include="resource\icons\X0_5\Top View.png">
      <Filter>resource\icons\X0_5</Filter>
    </Image>
    <Image Include="resource\icons\X0_5\Vertical Viewports.png">
      <Filter>resource\icons\X0_5</Filter>
    </Image>
    <Image Include="resource\icons\X0_5\Viewer settings.png">
      <Filter>resource\icons\X0_5</Filter>
    </Image>
    <Image Include="resource\icons\X0_75\Add custom theme.png">
      <Filter>resource\icons\X0_75</Filter>
    </Image>
    <Image Include="resource\icons\X0_75\Back View.png">
      <Filter>resource\icons\X0_75</Filter>
    </Image>
    <Image Include="resource\icons\X0_75\Bottom View.png">
      <Filter>resource\icons\X0_75</Filter>
    </Image>
    <Image Include="resource\icons\X0_75\Camera.png">
      <Filter>resource\icons\X0_75</Filter>
    </Image>
    <Image Include="resource\icons\X0_75\Capture screenshot.png">
      <Filter>resource\icons\X0_75</Filter>
    </Image>
    <Image Include="resource\icons\X0_75\Capture UI screenshot.png">
      <Filter>resource\icons\X0_75</Filter>
    </Image>
    <Image Include="resource\icons\X0_75\Fit data.png">
      <Filter>resource\icons\X0_75</Filter>
    </Image>
    <Image Include="resource\icons\X0_75\Fit selected objects.png">
      <Filter>resource\icons\X0_75</Filter>
    </Image>
    <Image Include="resource\icons\X0_75\Fit selected primitives.png">
      <Filter>resource\icons\X0_75</Filter>
    </Image>
    <Image Include="resource\icons\X0_75\Front View.png">
      <Filter>resource\icons\X0_75</Filter>
    </Image>
    <Image Include="resource\icons\X0_75\Horizontal Viewports.png">
      <Filter>resource\icons\X0_75</Filter>
    </Image>
    <Image Include="resource\icons\X0_75\Isometric View.png">
      <Filter>resource\icons\X0_75</Filter>
    </Image>
    <Image Include="resource\icons\X0_75\Left View.png">
      <Filter>resource\icons\X0_75</Filter>
    </Image>
    <Image Include="resource\icons\X0_75\Move object.png">
      <Filter>resource\icons\X0_75</Filter>
    </Image>
    <Image Include="resource\icons\X0_75\New.png">
      <Filter>resource\icons\X0_75</Filter>
    </Image>
    <Image Include="resource\icons\X0_75\Open DICOMs.png">
      <Filter>resource\icons\X0_75</Filter>
    </Image>
    <Image Include="resource\icons\X0_75\Open directory.png">
      <Filter>resource\icons\X0_75</Filter>
    </Image>
    <Image Include="resource\icons\X0_75\Open files.png">
      <Filter>resource\icons\X0_75</Filter>
    </Image>
    <Image Include="resource\icons\X0_75\Open RAW Voxels.png">
      <Filter>resource\icons\X0_75</Filter>
    </Image>
    <Image Include="resource\icons\X0_75\Open Voxels From TIFF.png">
      <Filter>resource\icons\X0_75</Filter>
    </Image>
    <Image Include="resource\icons\X0_75\Quad Viewports.png">
      <Filter>resource\icons\X0_75</Filter>
    </Image>
    <Image Include="resource\icons\X0_75\Right View.png">
      <Filter>resource\icons\X0_75</Filter>
    </Image>
    <Image Include="resource\icons\X0_75\Save object.png">
      <Filter>resource\icons\X0_75</Filter>
    </Image>
    <Image Include="resource\icons\X0_75\Save Scene As.png">
      <Filter>resource\icons\X0_75</Filter>
    </Image>
    <Image Include="resource\icons\X0_75\Save Scene.png">
      <Filter>resource\icons\X0_75</Filter>
    </Image>
    <Image Include="resource\icons\X0_75\Save selected.png">
      <Filter>resource\icons\X0_75</Filter>
    </Image>
    <Image Include="resource\icons\X0_75\Screenshot to clipboard.png">
      <Filter>resource\icons\X0_75</Filter>
    </Image>
    <Image Include="resource\icons\X0_75\Select objects.png">
      <Filter>resource\icons\X0_75</Filter>
    </Image>
    <Image Include="resource\icons\X0_75\Single Viewport.png">
      <Filter>resource\icons\X0_75</Filter>
    </Image>
    <Image Include="resource\icons\X0_75\Top View.png">
      <Filter>resource\icons\X0_75</Filter>
    </Image>
    <Image Include="resource\icons\X0_75\Vertical Viewports.png">
      <Filter>resource\icons\X0_75</Filter>
    </Image>
    <Image Include="resource\icons\X0_75\Viewer settings.png">
      <Filter>resource\icons\X0_75</Filter>
    </Image>
    <Image Include="resource\icons\X1\Add custom theme.png">
      <Filter>resource\icons\X1</Filter>
    </Image>
    <Image Include="resource\icons\X1\Back View.png">
      <Filter>resource\icons\X1</Filter>
    </Image>
    <Image Include="resource\icons\X1\Bottom View.png">
      <Filter>resource\icons\X1</Filter>
    </Image>
    <Image Include="resource\icons\X1\Camera.png">
      <Filter>resource\icons\X1</Filter>
    </Image>
    <Image Include="resource\icons\X1\Capture screenshot.png">
      <Filter>resource\icons\X1</Filter>
    </Image>
    <Image Include="resource\icons\X1\Capture UI screenshot.png">
      <Filter>resource\icons\X1</Filter>
    </Image>
    <Image Include="resource\icons\X1\Fit data.png">
      <Filter>resource\icons\X1</Filter>
    </Image>
    <Image Include="resource\icons\X1\Fit selected objects.png">
      <Filter>resource\icons\X1</Filter>
    </Image>
    <Image Include="resource\icons\X1\Fit selected primitives.png">
      <Filter>resource\icons\X1</Filter>
    </Image>
    <Image Include="resource\icons\X1\Front View.png">
      <Filter>resource\icons\X1</Filter>
    </Image>
    <Image Include="resource\icons\X1\Horizontal Viewports.png">
      <Filter>resource\icons\X1</Filter>
    </Image>
    <Image Include="resource\icons\X1\Isometric View.png">
      <Filter>resource\icons\X1</Filter>
    </Image>
    <Image Include="resource\icons\X1\Left View.png">
      <Filter>resource\icons\X1</Filter>
    </Image>
    <Image Include="resource\icons\X1\Move object.png">
      <Filter>resource\icons\X1</Filter>
    </Image>
    <Image Include="resource\icons\X1\New.png">
      <Filter>resource\icons\X1</Filter>
    </Image>
    <Image Include="resource\icons\X1\Open DICOMs.png">
      <Filter>resource\icons\X1</Filter>
    </Image>
    <Image Include="resource\icons\X1\Open directory.png">
      <Filter>resource\icons\X1</Filter>
    </Image>
    <Image Include="resource\icons\X1\Open files.png">
      <Filter>resource\icons\X1</Filter>
    </Image>
    <Image Include="resource\icons\X1\Open RAW Voxels.png">
      <Filter>resource\icons\X1</Filter>
    </Image>
    <Image Include="resource\icons\X1\Open Voxels From TIFF.png">
      <Filter>resource\icons\X1</Filter>
    </Image>
    <Image Include="resource\icons\X1\Quad Viewports.png">
      <Filter>resource\icons\X1</Filter>
    </Image>
    <Image Include="resource\icons\X1\Right View.png">
      <Filter>resource\icons\X1</Filter>
    </Image>
    <Image Include="resource\icons\X1\Save object.png">
      <Filter>resource\icons\X1</Filter>
    </Image>
    <Image Include="resource\icons\X1\Save Scene As.png">
      <Filter>resource\icons\X1</Filter>
    </Image>
    <Image Include="resource\icons\X1\Save Scene.png">
      <Filter>resource\icons\X1</Filter>
    </Image>
    <Image Include="resource\icons\X1\Save selected.png">
      <Filter>resource\icons\X1</Filter>
    </Image>
    <Image Include="resource\icons\X1\Screenshot to clipboard.png">
      <Filter>resource\icons\X1</Filter>
    </Image>
    <Image Include="resource\icons\X1\Select objects.png">
      <Filter>resource\icons\X1</Filter>
    </Image>
    <Image Include="resource\icons\X1\Single Viewport.png">
      <Filter>resource\icons\X1</Filter>
    </Image>
    <Image Include="resource\icons\X1\Top View.png">
      <Filter>resource\icons\X1</Filter>
    </Image>
    <Image Include="resource\icons\X1\Vertical Viewports.png">
      <Filter>resource\icons\X1</Filter>
    </Image>
    <Image Include="resource\icons\X1\Viewer settings.png">
      <Filter>resource\icons\X1</Filter>
    </Image>
    <Image Include="resource\icons\X3\Add custom theme.png">
      <Filter>resource\icons\X3</Filter>
    </Image>
    <Image Include="resource\icons\X3\Back View.png">
      <Filter>resource\icons\X3</Filter>
    </Image>
    <Image Include="resource\icons\X3\Bottom View.png">
      <Filter>resource\icons\X3</Filter>
    </Image>
    <Image Include="resource\icons\X3\Camera.png">
      <Filter>resource\icons\X3</Filter>
    </Image>
    <Image Include="resource\icons\X3\Capture screenshot.png">
      <Filter>resource\icons\X3</Filter>
    </Image>
    <Image Include="resource\icons\X3\Capture UI screenshot.png">
      <Filter>resource\icons\X3</Filter>
    </Image>
    <Image Include="resource\icons\X3\Fit data.png">
      <Filter>resource\icons\X3</Filter>
    </Image>
    <Image Include="resource\icons\X3\Fit selected objects.png">
      <Filter>resource\icons\X3</Filter>
    </Image>
    <Image Include="resource\icons\X3\Fit selected primitives.png">
      <Filter>resource\icons\X3</Filter>
    </Image>
    <Image Include="resource\icons\X3\Front View.png">
      <Filter>resource\icons\X3</Filter>
    </Image>
    <Image Include="resource\icons\X3\Horizontal Viewports.png">
      <Filter>resource\icons\X3</Filter>
    </Image>
    <Image Include="resource\icons\X3\Isometric View.png">
      <Filter>resource\icons\X3</Filter>
    </Image>
    <Image Include="resource\icons\X3\Left View.png">
      <Filter>resource\icons\X3</Filter>
    </Image>
    <Image Include="resource\icons\X3\Move object.png">
      <Filter>resource\icons\X3</Filter>
    </Image>
    <Image Include="resource\icons\X3\New.png">
      <Filter>resource\icons\X3</Filter>
    </Image>
    <Image Include="resource\icons\X3\Open DICOMs.png">
      <Filter>resource\icons\X3</Filter>
    </Image>
    <Image Include="resource\icons\X3\Open directory.png">
      <Filter>resource\icons\X3</Filter>
    </Image>
    <Image Include="resource\icons\X3\Open files.png">
      <Filter>resource\icons\X3</Filter>
    </Image>
    <Image Include="resource\icons\X3\Open RAW Voxels.png">
      <Filter>resource\icons\X3</Filter>
    </Image>
    <Image Include="resource\icons\X3\Open Voxels From TIFF.png">
      <Filter>resource\icons\X3</Filter>
    </Image>
    <Image Include="resource\icons\X3\Quad Viewports.png">
      <Filter>resource\icons\X3</Filter>
    </Image>
    <Image Include="resource\icons\X3\Right View.png">
      <Filter>resource\icons\X3</Filter>
    </Image>
    <Image Include="resource\icons\X3\Save object.png">
      <Filter>resource\icons\X3</Filter>
    </Image>
    <Image Include="resource\icons\X3\Save Scene As.png">
      <Filter>resource\icons\X3</Filter>
    </Image>
    <Image Include="resource\icons\X3\Save Scene.png">
      <Filter>resource\icons\X3</Filter>
    </Image>
    <Image Include="resource\icons\X3\Save selected.png">
      <Filter>resource\icons\X3</Filter>
    </Image>
    <Image Include="resource\icons\X3\Screenshot to clipboard.png">
      <Filter>resource\icons\X3</Filter>
    </Image>
    <Image Include="resource\icons\X3\Select objects.png">
      <Filter>resource\icons\X3</Filter>
    </Image>
    <Image Include="resource\icons\X3\Single Viewport.png">
      <Filter>resource\icons\X3</Filter>
    </Image>
    <Image Include="resource\icons\X3\Top View.png">
      <Filter>resource\icons\X3</Filter>
    </Image>
    <Image Include="resource\icons\X3\Vertical Viewports.png">
      <Filter>resource\icons\X3</Filter>
    </Image>
    <Image Include="resource\icons\X3\Viewer settings.png">
      <Filter>resource\icons\X3</Filter>
    </Image>
    <Image Include="resource\icons\X0_5\Ribbon Scene Remove selected objects.png">
      <Filter>resource\icons\X0_5</Filter>
    </Image>
    <Image Include="resource\icons\X0_5\Ribbon Scene Rename.png">
      <Filter>resource\icons\X0_5</Filter>
    </Image>
    <Image Include="resource\icons\X0_5\Ribbon Scene Select all.png">
      <Filter>resource\icons\X0_5</Filter>
    </Image>
    <Image Include="resource\icons\X0_5\Ribbon Scene Show only next.png">
      <Filter>resource\icons\X0_5</Filter>
    </Image>
    <Image Include="resource\icons\X0_5\Ribbon Scene Show only previous.png">
      <Filter>resource\icons\X0_5</Filter>
    </Image>
    <Image Include="resource\icons\X0_5\Ribbon Scene Sort by name.png">
      <Filter>resource\icons\X0_5</Filter>
    </Image>
    <Image Include="resource\icons\X0_5\Ribbon Scene Unselect all.png">
      <Filter>resource\icons\X0_5</Filter>
    </Image>
    <Image Include="resource\icons\X0_75\Ribbon Scene Remove selected objects.png">
      <Filter>resource\icons\X0_75</Filter>
    </Image>
    <Image Include="resource\icons\X0_75\Ribbon Scene Rename.png">
      <Filter>resource\icons\X0_75</Filter>
    </Image>
    <Image Include="resource\icons\X0_75\Ribbon Scene Select all.png">
      <Filter>resource\icons\X0_75</Filter>
    </Image>
    <Image Include="resource\icons\X0_75\Ribbon Scene Show only next.png">
      <Filter>resource\icons\X0_75</Filter>
    </Image>
    <Image Include="resource\icons\X0_75\Ribbon Scene Show only previous.png">
      <Filter>resource\icons\X0_75</Filter>
    </Image>
    <Image Include="resource\icons\X0_75\Ribbon Scene Sort by name.png">
      <Filter>resource\icons\X0_75</Filter>
    </Image>
    <Image Include="resource\icons\X0_75\Ribbon Scene Unselect all.png">
      <Filter>resource\icons\X0_75</Filter>
    </Image>
    <Image Include="resource\icons\X1\Ribbon Scene Remove selected objects.png">
      <Filter>resource\icons\X1</Filter>
    </Image>
    <Image Include="resource\icons\X1\Ribbon Scene Rename.png">
      <Filter>resource\icons\X1</Filter>
    </Image>
    <Image Include="resource\icons\X1\Ribbon Scene Select all.png">
      <Filter>resource\icons\X1</Filter>
    </Image>
    <Image Include="resource\icons\X1\Ribbon Scene Show only next.png">
      <Filter>resource\icons\X1</Filter>
    </Image>
    <Image Include="resource\icons\X1\Ribbon Scene Show only previous.png">
      <Filter>resource\icons\X1</Filter>
    </Image>
    <Image Include="resource\icons\X1\Ribbon Scene Sort by name.png">
      <Filter>resource\icons\X1</Filter>
    </Image>
    <Image Include="resource\icons\X1\Ribbon Scene Unselect all.png">
      <Filter>resource\icons\X1</Filter>
    </Image>
    <Image Include="resource\icons\X3\Ribbon Scene Remove selected objects.png">
      <Filter>resource\icons\X3</Filter>
    </Image>
    <Image Include="resource\icons\X3\Ribbon Scene Rename.png">
      <Filter>resource\icons\X3</Filter>
    </Image>
    <Image Include="resource\icons\X3\Ribbon Scene Select all.png">
      <Filter>resource\icons\X3</Filter>
    </Image>
    <Image Include="resource\icons\X3\Ribbon Scene Show only next.png">
      <Filter>resource\icons\X3</Filter>
    </Image>
    <Image Include="resource\icons\X3\Ribbon Scene Show only previous.png">
      <Filter>resource\icons\X3</Filter>
    </Image>
    <Image Include="resource\icons\X3\Ribbon Scene Sort by name.png">
      <Filter>resource\icons\X3</Filter>
    </Image>
    <Image Include="resource\icons\X3\Ribbon Scene Unselect all.png">
      <Filter>resource\icons\X3</Filter>
    </Image>
    <Image Include="resource\icons\X0_5\BestFit Plane.png">
      <Filter>resource\icons\X0_5</Filter>
    </Image>
    <Image Include="resource\icons\X0_5\BestFit Circle.png">
      <Filter>resource\icons\X0_5</Filter>
    </Image>
    <Image Include="resource\icons\X0_5\BestFit Cone.png">
      <Filter>resource\icons\X0_5</Filter>
    </Image>
    <Image Include="resource\icons\X0_5\BestFit Cylinder.png">
      <Filter>resource\icons\X0_5</Filter>
    </Image>
    <Image Include="resource\icons\X0_5\BestFit Line.png">
      <Filter>resource\icons\X0_5</Filter>
    </Image>
    <Image Include="resource\icons\X0_5\BestFit Point.png">
      <Filter>resource\icons\X0_5</Filter>
    </Image>
    <Image Include="resource\icons\X0_5\BestFit Sphere.png">
      <Filter>resource\icons\X0_5</Filter>
    </Image>
    <Image Include="resource\icons\X0_75\BestFit Plane.png">
      <Filter>resource\icons\X0_75</Filter>
    </Image>
    <Image Include="resource\icons\X0_75\BestFit Circle.png">
      <Filter>resource\icons\X0_75</Filter>
    </Image>
    <Image Include="resource\icons\X0_75\BestFit Cone.png">
      <Filter>resource\icons\X0_75</Filter>
    </Image>
    <Image Include="resource\icons\X0_75\BestFit Cylinder.png">
      <Filter>resource\icons\X0_75</Filter>
    </Image>
    <Image Include="resource\icons\X0_75\BestFit Line.png">
      <Filter>resource\icons\X0_75</Filter>
    </Image>
    <Image Include="resource\icons\X0_75\BestFit Point.png">
      <Filter>resource\icons\X0_75</Filter>
    </Image>
    <Image Include="resource\icons\X0_75\BestFit Sphere.png">
      <Filter>resource\icons\X0_75</Filter>
    </Image>
    <Image Include="resource\icons\X1\BestFit Plane.png">
      <Filter>resource\icons\X1</Filter>
    </Image>
    <Image Include="resource\icons\X1\BestFit Circle.png">
      <Filter>resource\icons\X1</Filter>
    </Image>
    <Image Include="resource\icons\X1\BestFit Cone.png">
      <Filter>resource\icons\X1</Filter>
    </Image>
    <Image Include="resource\icons\X1\BestFit Cylinder.png">
      <Filter>resource\icons\X1</Filter>
    </Image>
    <Image Include="resource\icons\X1\BestFit Line.png">
      <Filter>resource\icons\X1</Filter>
    </Image>
    <Image Include="resource\icons\X1\BestFit Point.png">
      <Filter>resource\icons\X1</Filter>
    </Image>
    <Image Include="resource\icons\X1\BestFit Sphere.png">
      <Filter>resource\icons\X1</Filter>
    </Image>
    <Image Include="resource\icons\X3\BestFit Plane.png">
      <Filter>resource\icons\X3</Filter>
    </Image>
    <Image Include="resource\icons\X3\BestFit Circle.png">
      <Filter>resource\icons\X3</Filter>
    </Image>
    <Image Include="resource\icons\X3\BestFit Cone.png">
      <Filter>resource\icons\X3</Filter>
    </Image>
    <Image Include="resource\icons\X3\BestFit Cylinder.png">
      <Filter>resource\icons\X3</Filter>
    </Image>
    <Image Include="resource\icons\X3\BestFit Line.png">
      <Filter>resource\icons\X3</Filter>
    </Image>
    <Image Include="resource\icons\X3\BestFit Point.png">
      <Filter>resource\icons\X3</Filter>
    </Image>
    <Image Include="resource\icons\X3\BestFit Sphere.png">
      <Filter>resource\icons\X3</Filter>
    </Image>
    <Image Include="resource\icons\X0_5\Active Plugins List.png">
      <Filter>resource\icons\X0_5</Filter>
    </Image>
    <Image Include="resource\icons\X0_75\Active Plugins List.png">
      <Filter>resource\icons\X0_75</Filter>
    </Image>
    <Image Include="resource\icons\X1\Active Plugins List.png">
      <Filter>resource\icons\X1</Filter>
    </Image>
    <Image Include="resource\icons\X0_5\Show_Hide Global Basis.png">
      <Filter>resource\icons\X0_5</Filter>
    </Image>
    <Image Include="resource\icons\X0_75\Show_Hide Global Basis.png">
      <Filter>resource\icons\X0_75</Filter>
    </Image>
    <Image Include="resource\icons\X1\Show_Hide Global Basis.png">
      <Filter>resource\icons\X1</Filter>
    </Image>
    <Image Include="resource\icons\X3\Active Plugins List.png">
      <Filter>resource\icons\X3</Filter>
    </Image>
    <Image Include="resource\icons\X3\Show_Hide Global Basis.png">
      <Filter>resource\icons\X3</Filter>
    </Image>
    <Image Include="resource\icons\X0_5\Ribbon Scene Hide all.png">
      <Filter>resource\icons\X0_5</Filter>
    </Image>
    <Image Include="resource\icons\X0_5\Ribbon Scene Show all.png">
      <Filter>resource\icons\X0_5</Filter>
    </Image>
    <Image Include="resource\icons\X0_75\Ribbon Scene Hide all.png">
      <Filter>resource\icons\X0_75</Filter>
    </Image>
    <Image Include="resource\icons\X0_75\Ribbon Scene Show all.png">
      <Filter>resource\icons\X0_75</Filter>
    </Image>
    <Image Include="resource\icons\X1\Ribbon Scene Hide all.png">
      <Filter>resource\icons\X1</Filter>
    </Image>
    <Image Include="resource\icons\X1\Ribbon Scene Show all.png">
      <Filter>resource\icons\X1</Filter>
    </Image>
    <Image Include="resource\icons\X3\Ribbon Scene Hide all.png">
      <Filter>resource\icons\X3</Filter>
    </Image>
    <Image Include="resource\icons\X3\Ribbon Scene Show all.png">
      <Filter>resource\icons\X3</Filter>
    </Image>
    <Image Include="resource\icons\X0_5\Object Info.png">
      <Filter>resource\icons\X0_5</Filter>
    </Image>
    <Image Include="resource\icons\X0_5\Rotator.png">
      <Filter>resource\icons\X0_5</Filter>
    </Image>
    <Image Include="resource\icons\X0_75\Object Info.png">
      <Filter>resource\icons\X0_75</Filter>
    </Image>
    <Image Include="resource\icons\X0_75\Rotator.png">
      <Filter>resource\icons\X0_75</Filter>
    </Image>
    <Image Include="resource\icons\X1\Object Info.png">
      <Filter>resource\icons\X1</Filter>
    </Image>
    <Image Include="resource\icons\X1\Rotator.png">
      <Filter>resource\icons\X1</Filter>
    </Image>
    <Image Include="resource\icons\X3\Object Info.png">
      <Filter>resource\icons\X3</Filter>
    </Image>
    <Image Include="resource\icons\X3\Rotator.png">
      <Filter>resource\icons\X3</Filter>
    </Image>
    <Image Include="resource\icons\X0_5\Invert View.png">
      <Filter>resource\icons\X0_5</Filter>
    </Image>
    <Image Include="resource\icons\X0_75\Invert View.png">
      <Filter>resource\icons\X0_75</Filter>
    </Image>
    <Image Include="resource\icons\X1\Invert View.png">
      <Filter>resource\icons\X1</Filter>
    </Image>
    <Image Include="resource\icons\X3\Invert View.png">
      <Filter>resource\icons\X3</Filter>
    </Image>
    <Image Include="resource\icons\X3\Binary Operations.png">
      <Filter>resource\icons\X3</Filter>
    </Image>
    <Image Include="resource\icons\X1\Binary Operations.png">
      <Filter>resource\icons\X1</Filter>
    </Image>
    <Image Include="resource\icons\X0_5\Binary Operations.png">
      <Filter>resource\icons\X0_5</Filter>
    </Image>
    <Image Include="resource\icons\X0_75\Binary Operations.png">
      <Filter>resource\icons\X0_75</Filter>
    </Image>
  </ItemGroup>
</Project>