<?xml version="1.0" encoding="utf-8"?>
<Project ToolsVersion="4.0" xmlns="http://schemas.microsoft.com/developer/msbuild/2003">
  <ItemGroup>
    <Filter Include="Source Files">
      <UniqueIdentifier>{8b0f8e8e-d502-4c1c-bf4a-bd6e26e948c1}</UniqueIdentifier>
    </Filter>
  </ItemGroup>
  <ItemGroup>
    <ClCompile Include="..\..\thirdparty\OpenCTM\Alloc.c">
      <Filter>Source Files</Filter>
    </ClCompile>
    <ClCompile Include="..\..\thirdparty\OpenCTM\compressMG1.c">
      <Filter>Source Files</Filter>
    </ClCompile>
    <ClCompile Include="..\..\thirdparty\OpenCTM\compressMG2.c">
      <Filter>Source Files</Filter>
    </ClCompile>
    <ClCompile Include="..\..\thirdparty\OpenCTM\compressRAW.c">
      <Filter>Source Files</Filter>
    </ClCompile>
    <ClCompile Include="..\..\thirdparty\OpenCTM\LzFind.c">
      <Filter>Source Files</Filter>
    </ClCompile>
    <ClCompile Include="..\..\thirdparty\OpenCTM\LzmaDec.c">
      <Filter>Source Files</Filter>
    </ClCompile>
    <ClCompile Include="..\..\thirdparty\OpenCTM\LzmaEnc.c">
      <Filter>Source Files</Filter>
    </ClCompile>
    <ClCompile Include="..\..\thirdparty\OpenCTM\LzmaLib.c">
      <Filter>Source Files</Filter>
    </ClCompile>
    <ClCompile Include="..\..\thirdparty\OpenCTM\openctm.c">
      <Filter>Source Files</Filter>
    </ClCompile>
    <ClCompile Include="..\..\thirdparty\OpenCTM\stream.c">
      <Filter>Source Files</Filter>
    </ClCompile>
  </ItemGroup>
  <ItemGroup>
    <ClInclude Include="..\..\thirdparty\OpenCTM\Alloc.h">
      <Filter>Source Files</Filter>
    </ClInclude>
    <ClInclude Include="..\..\thirdparty\OpenCTM\internal.h">
      <Filter>Source Files</Filter>
    </ClInclude>
    <ClInclude Include="..\..\thirdparty\OpenCTM\LzFind.h">
      <Filter>Source Files</Filter>
    </ClInclude>
    <ClInclude Include="..\..\thirdparty\OpenCTM\LzHash.h">
      <Filter>Source Files</Filter>
    </ClInclude>
    <ClInclude Include="..\..\thirdparty\OpenCTM\LzmaDec.h">
      <Filter>Source Files</Filter>
    </ClInclude>
    <ClInclude Include="..\..\thirdparty\OpenCTM\LzmaEnc.h">
      <Filter>Source Files</Filter>
    </ClInclude>
    <ClInclude Include="..\..\thirdparty\OpenCTM\LzmaLib.h">
      <Filter>Source Files</Filter>
    </ClInclude>
    <ClInclude Include="..\..\thirdparty\OpenCTM\NameMangle.h">
      <Filter>Source Files</Filter>
    </ClInclude>
    <ClInclude Include="..\..\thirdparty\OpenCTM\openctm.h">
      <Filter>Source Files</Filter>
    </ClInclude>
    <ClInclude Include="..\..\thirdparty\OpenCTM\openctmpp.h">
      <Filter>Source Files</Filter>
    </ClInclude>
    <ClInclude Include="..\..\thirdparty\OpenCTM\Types.h">
      <Filter>Source Files</Filter>
    </ClInclude>
  </ItemGroup>
  <ItemGroup>
    <Text Include="..\..\thirdparty\OpenCTM\CMakeLists.txt">
      <Filter>Source Files</Filter>
    </Text>
  </ItemGroup>
</Project>