<?xml version="1.0" encoding="utf-8"?>
<Project ToolsVersion="4.0" xmlns="http://schemas.microsoft.com/developer/msbuild/2003">
  <ItemGroup>
    <Filter Include="Source Files">
      <UniqueIdentifier>{8b0f8e8e-d502-4c1c-bf4a-bd6e26e948c1}</UniqueIdentifier>
    </Filter>
    <Filter Include="Source Files\DataModel">
      <UniqueIdentifier>{46dd214b-ec09-403a-9f69-180e234941d3}</UniqueIdentifier>
    </Filter>
    <Filter Include="Source Files\Math">
      <UniqueIdentifier>{14ec24c5-5a69-4d8c-8ee2-327274c4d165}</UniqueIdentifier>
    </Filter>
    <Filter Include="Source Files\Basic">
      <UniqueIdentifier>{7d09069f-dc58-4781-8c4c-6bcf463e869a}</UniqueIdentifier>
    </Filter>
    <Filter Include="Source Files\Primitives">
      <UniqueIdentifier>{752d7e31-3225-4338-9964-5d511c6b8ec1}</UniqueIdentifier>
    </Filter>
    <Filter Include="Source Files\SymbolMesh">
      <UniqueIdentifier>{dd69ed88-89d4-4c22-92e5-3d01c7126046}</UniqueIdentifier>
    </Filter>
    <Filter Include="Source Files\System">
      <UniqueIdentifier>{9ea2ed18-2ae5-4809-b738-03a166627a32}</UniqueIdentifier>
    </Filter>
    <Filter Include="Source Files\BaseStructures">
      <UniqueIdentifier>{cc99f9b7-b598-4504-bf99-8d838fbe408f}</UniqueIdentifier>
    </Filter>
    <Filter Include="Source Files\IO">
      <UniqueIdentifier>{dd1e9625-263f-4192-bb1d-baa91613a15e}</UniqueIdentifier>
    </Filter>
    <Filter Include="Source Files\AABBTree">
      <UniqueIdentifier>{8523856f-61f8-4a64-be2c-e62368f09852}</UniqueIdentifier>
    </Filter>
    <Filter Include="Source Files\SurfacePath">
      <UniqueIdentifier>{d5bc819e-53e1-4574-a15c-d7d4bce01a2c}</UniqueIdentifier>
    </Filter>
    <Filter Include="Source Files\Render">
      <UniqueIdentifier>{63cd613f-62f1-4c45-a91b-3417a018a563}</UniqueIdentifier>
    </Filter>
    <Filter Include="Source Files\PointCloud">
      <UniqueIdentifier>{c300f0c9-5a9b-44ee-98c2-1ac7dad01b16}</UniqueIdentifier>
    </Filter>
    <Filter Include="Source Files\History">
      <UniqueIdentifier>{81c8f6c2-9f7d-4609-9a19-a4aaa5edfbbd}</UniqueIdentifier>
    </Filter>
    <Filter Include="Source Files\Components">
      <UniqueIdentifier>{fdb0ec66-343d-41e6-80ec-44d4360e11a8}</UniqueIdentifier>
    </Filter>
    <Filter Include="Source Files\DistanceMap">
      <UniqueIdentifier>{7ce0eb63-0e26-416f-a991-db2be3e673b8}</UniqueIdentifier>
    </Filter>
    <Filter Include="Source Files\DataModel\Features">
      <UniqueIdentifier>{f6ea3197-3e0d-44ec-9b3e-6b8fe7e0bc15}</UniqueIdentifier>
    </Filter>
    <Filter Include="Source Files\DataModel\Measurements">
      <UniqueIdentifier>{744e0637-b69b-442b-b0f8-19f0f815c033}</UniqueIdentifier>
    </Filter>
    <Filter Include="Source Files\MeshBuilder">
      <UniqueIdentifier>{c83e4212-7072-40c2-8354-827c896c1628}</UniqueIdentifier>
    </Filter>
    <Filter Include="Source Files\Mesh">
      <UniqueIdentifier>{2608cf85-c5d3-45cd-b44b-659771dd743c}</UniqueIdentifier>
    </Filter>
    <Filter Include="Source Files\MeshAlgorithm">
      <UniqueIdentifier>{90f9bd42-738e-4a33-a884-2a347d12cbb7}</UniqueIdentifier>
    </Filter>
    <Filter Include="Source Files\Segmentation">
      <UniqueIdentifier>{482540be-d903-4a0a-8c4c-c783316c31e6}</UniqueIdentifier>
    </Filter>
    <Filter Include="Source Files\Contours">
      <UniqueIdentifier>{d4c0f533-10a6-48fd-9e33-a1aa4bf27a4d}</UniqueIdentifier>
    </Filter>
    <Filter Include="Source Files\Decimation">
      <UniqueIdentifier>{c0473824-4c92-4d7b-8dd8-53467111d7b5}</UniqueIdentifier>
    </Filter>
    <Filter Include="Source Files\Triangulation">
      <UniqueIdentifier>{e8616b21-1a75-42a5-990d-2f54914e7219}</UniqueIdentifier>
    </Filter>
    <Filter Include="Source Files\Boolean">
      <UniqueIdentifier>{c1e21c06-9f10-4e81-87cd-a550a822f2bd}</UniqueIdentifier>
    </Filter>
    <Filter Include="Source Files\Polyline">
      <UniqueIdentifier>{176e10d8-480b-466d-be49-299f1d1b94be}</UniqueIdentifier>
    </Filter>
    <Filter Include="Source Files\Voxels">
      <UniqueIdentifier>{cfca1a51-70d1-46de-ad9f-c8662f2b85c8}</UniqueIdentifier>
    </Filter>
    <Filter Include="Source Files\LinearSystem">
      <UniqueIdentifier>{77366470-1db8-45b3-9971-1b5af90c1eac}</UniqueIdentifier>
    </Filter>
    <Filter Include="Source Files\Gcode">
      <UniqueIdentifier>{b00cbb7d-8f55-486d-9a3f-834bc49c40f3}</UniqueIdentifier>
    </Filter>
    <Filter Include="Source Files\WaterFlow">
      <UniqueIdentifier>{3bf8efb6-7251-4ef8-890d-0e5c5940c8b8}</UniqueIdentifier>
    </Filter>
    <Filter Include="Source Files\SelfIntersectoins">
      <UniqueIdentifier>{7a9f7691-d5a0-49ca-936f-cc25cfe18f8d}</UniqueIdentifier>
    </Filter>
    <Filter Include="Source Files\Algorithms">
      <UniqueIdentifier>{435d3e5d-8726-43e7-be69-b9d4c1799c95}</UniqueIdentifier>
    </Filter>
  </ItemGroup>
  <ItemGroup>
    <ClInclude Include="MRMeshFwd.h">
      <Filter>Source Files</Filter>
    </ClInclude>
    <ClInclude Include="MRObject.h">
      <Filter>Source Files\DataModel</Filter>
    </ClInclude>
    <ClInclude Include="MRObjectLoad.h">
      <Filter>Source Files\DataModel</Filter>
    </ClInclude>
    <ClInclude Include="MRVector3.h">
      <Filter>Source Files\Math</Filter>
    </ClInclude>
    <ClInclude Include="MRVector.h">
      <Filter>Source Files\Basic</Filter>
    </ClInclude>
    <ClInclude Include="MRTimer.h">
      <Filter>Source Files\Basic</Filter>
    </ClInclude>
    <ClInclude Include="MRBox.h">
      <Filter>Source Files\Math</Filter>
    </ClInclude>
    <ClInclude Include="MRVector4.h">
      <Filter>Source Files\Math</Filter>
    </ClInclude>
    <ClInclude Include="MRMatrix3.h">
      <Filter>Source Files\Math</Filter>
    </ClInclude>
    <ClInclude Include="MRBestFit.h">
      <Filter>Source Files\Math</Filter>
    </ClInclude>
    <ClInclude Include="MRAffineXf3.h">
      <Filter>Source Files\Math</Filter>
    </ClInclude>
    <ClInclude Include="MRPlane3.h">
      <Filter>Source Files\Math</Filter>
    </ClInclude>
    <ClInclude Include="MRCylinder.h">
      <Filter>Source Files\Primitives</Filter>
    </ClInclude>
    <ClInclude Include="MRCube.h">
      <Filter>Source Files\Primitives</Filter>
    </ClInclude>
    <ClInclude Include="MRIteratorRange.h">
      <Filter>Source Files\Basic</Filter>
    </ClInclude>
    <ClInclude Include="MRBitSet.h">
      <Filter>Source Files\Basic</Filter>
    </ClInclude>
    <ClInclude Include="MRTorus.h">
      <Filter>Source Files\Primitives</Filter>
    </ClInclude>
    <ClInclude Include="MRConstants.h">
      <Filter>Source Files\Math</Filter>
    </ClInclude>
    <ClInclude Include="MRSystem.h">
      <Filter>Source Files\System</Filter>
    </ClInclude>
    <ClInclude Include="MRHistogram.h">
      <Filter>Source Files\Math</Filter>
    </ClInclude>
    <ClInclude Include="MRProgressCallback.h">
      <Filter>Source Files\BaseStructures</Filter>
    </ClInclude>
    <ClInclude Include="MRParallelProgressReporter.h">
      <Filter>Source Files\BaseStructures</Filter>
    </ClInclude>
    <ClInclude Include="MRMeshSave.h">
      <Filter>Source Files\IO</Filter>
    </ClInclude>
    <ClInclude Include="MRMeshLoad.h">
      <Filter>Source Files\IO</Filter>
    </ClInclude>
    <ClInclude Include="MRIOFilters.h">
      <Filter>Source Files\IO</Filter>
    </ClInclude>
    <ClInclude Include="MRUnionFind.h">
      <Filter>Source Files\Basic</Filter>
    </ClInclude>
    <ClInclude Include="miniply.h">
      <Filter>Source Files\IO</Filter>
    </ClInclude>
    <ClInclude Include="MRTriPoint.h">
      <Filter>Source Files\Math</Filter>
    </ClInclude>
    <ClInclude Include="MRObjectMesh.h">
      <Filter>Source Files\DataModel</Filter>
    </ClInclude>
    <ClInclude Include="MRVisualObject.h">
      <Filter>Source Files\DataModel</Filter>
    </ClInclude>
    <ClInclude Include="MRObjectFactory.h">
      <Filter>Source Files\DataModel</Filter>
    </ClInclude>
    <ClInclude Include="MRSerializer.h">
      <Filter>Source Files\IO</Filter>
    </ClInclude>
    <ClInclude Include="MRBitSetParallelFor.h">
      <Filter>Source Files\Basic</Filter>
    </ClInclude>
    <ClInclude Include="MRObjectLines.h">
      <Filter>Source Files\DataModel</Filter>
    </ClInclude>
    <ClInclude Include="MRHeap.h">
      <Filter>Source Files\Basic</Filter>
    </ClInclude>
    <ClInclude Include="MRArrow.h">
      <Filter>Source Files\Primitives</Filter>
    </ClInclude>
    <ClInclude Include="MRSymMatrix3.h">
      <Filter>Source Files\Math</Filter>
    </ClInclude>
    <ClInclude Include="MRQuadraticForm.h">
      <Filter>Source Files\Math</Filter>
    </ClInclude>
    <ClInclude Include="MRQuaternion.h">
      <Filter>Source Files\Math</Filter>
    </ClInclude>
    <ClInclude Include="MRTriDist.h">
      <Filter>Source Files\Math</Filter>
    </ClInclude>
    <ClInclude Include="MRAABBTree.h">
      <Filter>Source Files\AABBTree</Filter>
    </ClInclude>
    <ClInclude Include="MRMeshDistance.h">
      <Filter>Source Files\AABBTree</Filter>
    </ClInclude>
    <ClInclude Include="MRMakePlane.h">
      <Filter>Source Files\Primitives</Filter>
    </ClInclude>
    <ClInclude Include="MRToFromEigen.h">
      <Filter>Source Files\Math</Filter>
    </ClInclude>
    <ClInclude Include="MRTriangleIntersection.h">
      <Filter>Source Files\Math</Filter>
    </ClInclude>
    <ClInclude Include="MRMeshCollide.h">
      <Filter>Source Files\AABBTree</Filter>
    </ClInclude>
    <ClInclude Include="MRMeshProject.h">
      <Filter>Source Files\AABBTree</Filter>
    </ClInclude>
    <ClInclude Include="MRStringConvert.h">
      <Filter>Source Files\Basic</Filter>
    </ClInclude>
    <ClInclude Include="MRMeshTexture.h">
      <Filter>Source Files\BaseStructures</Filter>
    </ClInclude>
    <ClInclude Include="MRVector2.h">
      <Filter>Source Files\Math</Filter>
    </ClInclude>
    <ClInclude Include="MRColor.h">
      <Filter>Source Files\Basic</Filter>
    </ClInclude>
    <ClInclude Include="MRPositionedText.h">
      <Filter>Source Files\BaseStructures</Filter>
    </ClInclude>
    <ClInclude Include="MREdgePaths.h">
      <Filter>Source Files\SurfacePath</Filter>
    </ClInclude>
    <ClInclude Include="MRSurfaceDistance.h">
      <Filter>Source Files\SurfacePath</Filter>
    </ClInclude>
    <ClInclude Include="MRSurfacePath.h">
      <Filter>Source Files\SurfacePath</Filter>
    </ClInclude>
    <ClInclude Include="MRGeodesicPath.h">
      <Filter>Source Files\SurfacePath</Filter>
    </ClInclude>
    <ClInclude Include="MRSceneColors.h">
      <Filter>Source Files\BaseStructures</Filter>
    </ClInclude>
    <ClInclude Include="MRVolumeIndexer.h">
      <Filter>Source Files\Voxels</Filter>
    </ClInclude>
    <ClInclude Include="MRHighPrecision.h">
      <Filter>Source Files\Math</Filter>
    </ClInclude>
    <ClInclude Include="MRPrecisePredicates3.h">
      <Filter>Source Files\Math</Filter>
    </ClInclude>
    <ClInclude Include="MRObjectsAccess.h">
      <Filter>Source Files\DataModel</Filter>
    </ClInclude>
    <ClInclude Include="MRObjectsAccess.hpp">
      <Filter>Source Files\DataModel</Filter>
    </ClInclude>
    <ClInclude Include="MRObjectPoints.h">
      <Filter>Source Files\DataModel</Filter>
    </ClInclude>
    <ClInclude Include="MRPointsLoad.h">
      <Filter>Source Files\IO</Filter>
    </ClInclude>
    <ClInclude Include="MRPointsSave.h">
      <Filter>Source Files\IO</Filter>
    </ClInclude>
    <ClInclude Include="MRMeshCollidePrecise.h">
      <Filter>Source Files\AABBTree</Filter>
    </ClInclude>
    <ClInclude Include="MRFaceFace.h">
      <Filter>Source Files\AABBTree</Filter>
    </ClInclude>
    <ClInclude Include="MRBase64.h">
      <Filter>Source Files\IO</Filter>
    </ClInclude>
    <ClInclude Include="MRLog.h">
      <Filter>Source Files\Basic</Filter>
    </ClInclude>
    <ClInclude Include="MRStreamOperators.h">
      <Filter>Source Files\IO</Filter>
    </ClInclude>
    <ClInclude Include="MRMatrix4.h">
      <Filter>Source Files\Math</Filter>
    </ClInclude>
    <ClInclude Include="MRImageSave.h">
      <Filter>Source Files\IO</Filter>
    </ClInclude>
    <ClInclude Include="MRMatrix.h">
      <Filter>Source Files\Math</Filter>
    </ClInclude>
    <ClInclude Include="MRTriMath.h">
      <Filter>Source Files\Math</Filter>
    </ClInclude>
    <ClInclude Include="MRLine3.h">
      <Filter>Source Files\Math</Filter>
    </ClInclude>
    <ClInclude Include="MRMeshIntersect.h">
      <Filter>Source Files\AABBTree</Filter>
    </ClInclude>
    <ClInclude Include="MRRayBoxIntersection.h">
      <Filter>Source Files\Math</Filter>
    </ClInclude>
    <ClInclude Include="MRAABBTreePoints.h">
      <Filter>Source Files\AABBTree</Filter>
    </ClInclude>
    <ClInclude Include="MRPointsInBall.h">
      <Filter>Source Files\AABBTree</Filter>
    </ClInclude>
    <ClInclude Include="MRSceneRoot.h">
      <Filter>Source Files\DataModel</Filter>
    </ClInclude>
    <ClInclude Include="MRRegularGridMesh.h">
      <Filter>Source Files\Primitives</Filter>
    </ClInclude>
    <ClInclude Include="MRPointCloud.h">
      <Filter>Source Files\PointCloud</Filter>
    </ClInclude>
    <ClInclude Include="MRUniformSampling.h">
      <Filter>Source Files\PointCloud</Filter>
    </ClInclude>
    <ClInclude Include="MRPointCloudMakeNormals.h">
      <Filter>Source Files\PointCloud</Filter>
    </ClInclude>
    <ClInclude Include="MRRegularMapMesher.h">
      <Filter>Source Files\PointCloud</Filter>
    </ClInclude>
    <ClInclude Include="MRIOFormatsRegistry.h">
      <Filter>Source Files\IO</Filter>
    </ClInclude>
    <ClInclude Include="MRLineSegm3.h">
      <Filter>Source Files\Math</Filter>
    </ClInclude>
    <ClInclude Include="MRPolylineProject.h">
      <Filter>Source Files\AABBTree</Filter>
    </ClInclude>
    <ClInclude Include="MRMeshDirMax.h">
      <Filter>Source Files\AABBTree</Filter>
    </ClInclude>
    <ClInclude Include="MRPointCloudRadius.h">
      <Filter>Source Files\PointCloud</Filter>
    </ClInclude>
    <ClInclude Include="MRHistoryAction.h">
      <Filter>Source Files\History</Filter>
    </ClInclude>
    <ClInclude Include="MRChangeObjectAction.h">
      <Filter>Source Files\History</Filter>
    </ClInclude>
    <ClInclude Include="MRChangeSceneAction.h">
      <Filter>Source Files\History</Filter>
    </ClInclude>
    <ClInclude Include="MRChangeXfAction.h">
      <Filter>Source Files\History</Filter>
    </ClInclude>
    <ClInclude Include="MRCombinedHistoryAction.h">
      <Filter>Source Files\History</Filter>
    </ClInclude>
    <ClInclude Include="MRChangeSelectionAction.h">
      <Filter>Source Files\History</Filter>
    </ClInclude>
    <ClInclude Include="MRTunnelDetector.h">
      <Filter>Source Files\SurfacePath</Filter>
    </ClInclude>
    <ClInclude Include="MRMakeRigidXf.h">
      <Filter>Source Files\Math</Filter>
    </ClInclude>
    <ClInclude Include="MRUniqueThreadSafeOwner.h">
      <Filter>Source Files\AABBTree</Filter>
    </ClInclude>
    <ClInclude Include="MRIRenderObject.h">
      <Filter>Source Files\Render</Filter>
    </ClInclude>
    <ClInclude Include="MR2DContoursTriangulation.h">
      <Filter>Source Files\SymbolMesh</Filter>
    </ClInclude>
    <ClInclude Include="MRConfig.h">
      <Filter>Source Files\System</Filter>
    </ClInclude>
    <ClInclude Include="MRDenseBox.h">
      <Filter>Source Files\Math</Filter>
    </ClInclude>
    <ClInclude Include="MRMeshComponents.h">
      <Filter>Source Files\Components</Filter>
    </ClInclude>
    <ClInclude Include="MRObjectDistanceMap.h">
      <Filter>Source Files\DataModel</Filter>
    </ClInclude>
    <ClInclude Include="MRDistanceMapSave.h">
      <Filter>Source Files\IO</Filter>
    </ClInclude>
    <ClInclude Include="MRDistanceMapLoad.h">
      <Filter>Source Files\IO</Filter>
    </ClInclude>
    <ClInclude Include="MRAABBTreeNode.h">
      <Filter>Source Files\AABBTree</Filter>
    </ClInclude>
    <ClInclude Include="MRAABBTreeMaker.h">
      <Filter>Source Files\AABBTree</Filter>
    </ClInclude>
    <ClInclude Include="MRDistanceMapParams.h">
      <Filter>Source Files\DistanceMap</Filter>
    </ClInclude>
    <ClInclude Include="MRDistanceMap.h">
      <Filter>Source Files\DistanceMap</Filter>
    </ClInclude>
    <ClInclude Include="MRImageLoad.h">
      <Filter>Source Files\IO</Filter>
    </ClInclude>
    <ClInclude Include="MRImage.h">
      <Filter>Source Files\BaseStructures</Filter>
    </ClInclude>
    <ClInclude Include="MRPolylineTopology.h">
      <Filter>Source Files\Polyline</Filter>
    </ClInclude>
    <ClInclude Include="MRPolyline2Project.h">
      <Filter>Source Files\AABBTree</Filter>
    </ClInclude>
    <ClInclude Include="MRMatrix2.h">
      <Filter>Source Files\Math</Filter>
    </ClInclude>
    <ClInclude Include="MRAffineXf2.h">
      <Filter>Source Files\Math</Filter>
    </ClInclude>
    <ClInclude Include="MRAffineXf.h">
      <Filter>Source Files\Math</Filter>
    </ClInclude>
    <ClInclude Include="MRTupleBindings.h">
      <Filter>Source Files\Math</Filter>
    </ClInclude>
    <ClInclude Include="MRSymMatrix2.h">
      <Filter>Source Files\Math</Filter>
    </ClInclude>
    <ClInclude Include="MRString.h">
      <Filter>Source Files\Basic</Filter>
    </ClInclude>
    <ClInclude Include="MRPrecisePredicates2.h">
      <Filter>Source Files\Math</Filter>
    </ClInclude>
    <ClInclude Include="MRPrimitiveMapsComposition.h">
      <Filter>Source Files\Basic</Filter>
    </ClInclude>
    <ClInclude Include="MRAABBTreePolyline.h">
      <Filter>Source Files\AABBTree</Filter>
    </ClInclude>
    <ClInclude Include="MRBestFitQuadric.h">
      <Filter>Source Files\Math</Filter>
    </ClInclude>
    <ClInclude Include="MRIntersection.h">
      <Filter>Source Files\Math</Filter>
    </ClInclude>
    <ClInclude Include="MRContour.h">
      <Filter>Source Files\Math</Filter>
    </ClInclude>
    <ClInclude Include="MRSurfaceDistanceBuilder.h">
      <Filter>Source Files\SurfacePath</Filter>
    </ClInclude>
    <ClInclude Include="MRRestoringStreamsSink.h">
      <Filter>Source Files\Basic</Filter>
    </ClInclude>
    <ClInclude Include="MRChangeMeshAction.h">
      <Filter>Source Files\History</Filter>
    </ClInclude>
    <ClInclude Include="MRLineSegm.h">
      <Filter>Source Files\Math</Filter>
    </ClInclude>
    <ClInclude Include="MRChangeSceneObjectsOrder.h">
      <Filter>Source Files\History</Filter>
    </ClInclude>
    <ClInclude Include="MRMeshLoadObj.h">
      <Filter>Source Files\IO</Filter>
    </ClInclude>
    <ClInclude Include="MRRectIndexer.h">
      <Filter>Source Files\DistanceMap</Filter>
    </ClInclude>
    <ClInclude Include="MRChangeNameAction.h">
      <Filter>Source Files\History</Filter>
    </ClInclude>
    <ClInclude Include="MRPolylineEdgeIterator.h">
      <Filter>Source Files\Polyline</Filter>
    </ClInclude>
    <ClInclude Include="MRComputeBoundingBox.h">
      <Filter>Source Files\Math</Filter>
    </ClInclude>
    <ClInclude Include="MRXfBasedCache.h">
      <Filter>Source Files\DataModel</Filter>
    </ClInclude>
    <ClInclude Include="MRSceneSettings.h">
      <Filter>Source Files\BaseStructures</Filter>
    </ClInclude>
    <ClInclude Include="MRLinesSave.h">
      <Filter>Source Files\IO</Filter>
    </ClInclude>
    <ClInclude Include="MRLinesLoad.h">
      <Filter>Source Files\IO</Filter>
    </ClInclude>
    <ClInclude Include="MRMakeSphereMesh.h">
      <Filter>Source Files\Primitives</Filter>
    </ClInclude>
    <ClInclude Include="MRSphereObject.h">
      <Filter>Source Files\DataModel\Features</Filter>
    </ClInclude>
    <ClInclude Include="MR2to3.h">
      <Filter>Source Files\Math</Filter>
    </ClInclude>
    <ClInclude Include="MRPlaneObject.h">
      <Filter>Source Files\DataModel\Features</Filter>
    </ClInclude>
    <ClInclude Include="MRPolyline.h">
      <Filter>Source Files\Polyline</Filter>
    </ClInclude>
    <ClInclude Include="MRLineObject.h">
      <Filter>Source Files\DataModel\Features</Filter>
    </ClInclude>
    <ClInclude Include="MRCircleObject.h">
      <Filter>Source Files\DataModel\Features</Filter>
    </ClInclude>
    <ClInclude Include="MRPolyline2Collide.h">
      <Filter>Source Files\AABBTree</Filter>
    </ClInclude>
    <ClInclude Include="MRHeapBytes.h">
      <Filter>Source Files\Basic</Filter>
    </ClInclude>
    <ClInclude Include="MRChangePointCloudAction.h">
      <Filter>Source Files\History</Filter>
    </ClInclude>
    <ClInclude Include="MRPointObject.h">
      <Filter>Source Files\DataModel\Features</Filter>
    </ClInclude>
    <ClInclude Include="MRMeshBuilder.h">
      <Filter>Source Files\MeshBuilder</Filter>
    </ClInclude>
    <ClInclude Include="MRIdentifyVertices.h">
      <Filter>Source Files\MeshBuilder</Filter>
    </ClInclude>
    <ClInclude Include="MRMeshBuilderTypes.h">
      <Filter>Source Files\MeshBuilder</Filter>
    </ClInclude>
    <ClInclude Include="MRMeshTopology.h">
      <Filter>Source Files\Mesh</Filter>
    </ClInclude>
    <ClInclude Include="MRMesh.h">
      <Filter>Source Files\Mesh</Filter>
    </ClInclude>
    <ClInclude Include="MRMeshTriPoint.h">
      <Filter>Source Files\Mesh</Filter>
    </ClInclude>
    <ClInclude Include="MRMeshToPointCloud.h">
      <Filter>Source Files\MeshAlgorithm</Filter>
    </ClInclude>
    <ClInclude Include="MRMeshMetrics.h">
      <Filter>Source Files\MeshAlgorithm</Filter>
    </ClInclude>
    <ClInclude Include="MRMeshNormals.h">
      <Filter>Source Files\MeshAlgorithm</Filter>
    </ClInclude>
    <ClInclude Include="MRMeshSubdivide.h">
      <Filter>Source Files\MeshAlgorithm</Filter>
    </ClInclude>
    <ClInclude Include="MRMeshFixer.h">
      <Filter>Source Files\MeshAlgorithm</Filter>
    </ClInclude>
    <ClInclude Include="MRMeshFillHole.h">
      <Filter>Source Files\MeshAlgorithm</Filter>
    </ClInclude>
    <ClInclude Include="MREdgePoint.h">
      <Filter>Source Files\Mesh</Filter>
    </ClInclude>
    <ClInclude Include="MRMeshBoundary.h">
      <Filter>Source Files\MeshAlgorithm</Filter>
    </ClInclude>
    <ClInclude Include="MRMeshDelete.h">
      <Filter>Source Files\MeshAlgorithm</Filter>
    </ClInclude>
    <ClInclude Include="MRMeshDelone.h">
      <Filter>Source Files\MeshAlgorithm</Filter>
    </ClInclude>
    <ClInclude Include="MRPolyline2Intersect.h">
      <Filter>Source Files\AABBTree</Filter>
    </ClInclude>
    <ClInclude Include="MRPolylineComponents.h">
      <Filter>Source Files\Components</Filter>
    </ClInclude>
    <ClInclude Include="MRFillContourByGraphCut.h">
      <Filter>Source Files\Segmentation</Filter>
    </ClInclude>
    <ClInclude Include="MRSurroundingContour.h">
      <Filter>Source Files\Segmentation</Filter>
    </ClInclude>
    <ClInclude Include="MRContoursCut.h">
      <Filter>Source Files\Contours</Filter>
    </ClInclude>
    <ClInclude Include="MRContoursSeparation.h">
      <Filter>Source Files\Contours</Filter>
    </ClInclude>
    <ClInclude Include="MRIntersectionContour.h">
      <Filter>Source Files\Contours</Filter>
    </ClInclude>
    <ClInclude Include="MRMeshDecimate.h">
      <Filter>Source Files\Decimation</Filter>
    </ClInclude>
    <ClInclude Include="MRPolylineDecimate.h">
      <Filter>Source Files\Decimation</Filter>
    </ClInclude>
    <ClInclude Include="MRPointCloudTriangulation.h">
      <Filter>Source Files\Triangulation</Filter>
    </ClInclude>
    <ClInclude Include="MRPointCloudTriangulationHelpers.h">
      <Filter>Source Files\Triangulation</Filter>
    </ClInclude>
    <ClInclude Include="MRBooleanOperation.h">
      <Filter>Source Files\Boolean</Filter>
    </ClInclude>
    <ClInclude Include="MRMeshBoolean.h">
      <Filter>Source Files\Boolean</Filter>
    </ClInclude>
    <ClInclude Include="MRMeshBooleanFacade.h">
      <Filter>Source Files\Boolean</Filter>
    </ClInclude>
    <ClInclude Include="MRMeshSaveObj.h">
      <Filter>Source Files\IO</Filter>
    </ClInclude>
    <ClInclude Include="MRPolylineSubdivide.h">
      <Filter>Source Files\Polyline</Filter>
    </ClInclude>
    <ClInclude Include="MRChangePolylineAction.h">
      <Filter>Source Files\History</Filter>
    </ClInclude>
    <ClInclude Include="MRRelaxParams.h">
      <Filter>Source Files\Algorithms</Filter>
    </ClInclude>
    <ClInclude Include="MRMeshRelax.h">
      <Filter>Source Files\Algorithms</Filter>
    </ClInclude>
    <ClInclude Include="MRPointCloudRelax.h">
      <Filter>Source Files\Algorithms</Filter>
    </ClInclude>
    <ClInclude Include="MRPolylineRelax.h">
      <Filter>Source Files\Algorithms</Filter>
    </ClInclude>
    <ClInclude Include="MRPrism.h">
      <Filter>Source Files\Primitives</Filter>
    </ClInclude>
    <ClInclude Include="MRChangeLabelAction.h">
      <Filter>Source Files\History</Filter>
    </ClInclude>
    <ClInclude Include="MRProgressReadWrite.h">
      <Filter>Source Files\IO</Filter>
    </ClInclude>
    <ClInclude Include="MRMatrix3Decompose.h">
      <Filter>Source Files\Math</Filter>
    </ClInclude>
    <ClInclude Include="MRBuffer.h">
      <Filter>Source Files\Basic</Filter>
    </ClInclude>
    <ClInclude Include="MRChangePointCloudNormalsAction.h">
      <Filter>Source Files\History</Filter>
    </ClInclude>
    <ClInclude Include="MRUniteManyMeshes.h">
      <Filter>Source Files\Boolean</Filter>
    </ClInclude>
    <ClInclude Include="MRIntersectionPrecomputes2.h">
      <Filter>Source Files\AABBTree</Filter>
    </ClInclude>
    <ClInclude Include="MRRayBoxIntersection2.h">
      <Filter>Source Files\Math</Filter>
    </ClInclude>
    <ClInclude Include="MRIntersectionPrecomputes.h">
      <Filter>Source Files\Math</Filter>
    </ClInclude>
    <ClInclude Include="MRLine.h">
      <Filter>Source Files\Math</Filter>
    </ClInclude>
    <ClInclude Include="MRTimeRecord.h">
      <Filter>Source Files\Basic</Filter>
    </ClInclude>
    <ClInclude Include="MROrder.h">
      <Filter>Source Files\Mesh</Filter>
    </ClInclude>
    <ClInclude Include="MREdgePathsBuilder.h">
      <Filter>Source Files\SurfacePath</Filter>
    </ClInclude>
    <ClInclude Include="MRExtractIsolines.h">
      <Filter>Source Files\SurfacePath</Filter>
    </ClInclude>
    <ClInclude Include="MRSharpenMarchingCubesMesh.h">
      <Filter>Source Files\Voxels</Filter>
    </ClInclude>
    <ClInclude Include="MREdgeMetric.h">
      <Filter>Source Files\SurfacePath</Filter>
    </ClInclude>
    <ClInclude Include="MRFastWindingNumber.h">
      <Filter>Source Files\AABBTree</Filter>
    </ClInclude>
    <ClInclude Include="MRChangeVertsColorMapAction.h">
      <Filter>Source Files\History</Filter>
    </ClInclude>
    <ClInclude Include="MRGridSettings.h">
      <Filter>Source Files\Mesh</Filter>
    </ClInclude>
    <ClInclude Include="MRPointsToMeshProjector.h">
      <Filter>Source Files\AABBTree</Filter>
    </ClInclude>
    <ClInclude Include="MRParallelFor.h">
      <Filter>Source Files\Basic</Filter>
    </ClInclude>
    <ClInclude Include="MRFreeFormDeformer.h">
      <Filter>Source Files\LinearSystem</Filter>
    </ClInclude>
    <ClInclude Include="MRLaplacian.h">
      <Filter>Source Files\LinearSystem</Filter>
    </ClInclude>
    <ClInclude Include="MRPositionVertsSmoothly.h">
      <Filter>Source Files\LinearSystem</Filter>
    </ClInclude>
    <ClInclude Include="MRClosestPointInTriangle.h">
      <Filter>Source Files\Math</Filter>
    </ClInclude>
    <ClInclude Include="MRNormalsToPoints.h">
      <Filter>Source Files\LinearSystem</Filter>
    </ClInclude>
    <ClInclude Include="MRNormalDenoising.h">
      <Filter>Source Files\LinearSystem</Filter>
    </ClInclude>
    <ClInclude Include="MRId.h">
      <Filter>Source Files\Basic</Filter>
    </ClInclude>
    <ClInclude Include="MREdgeIterator.h">
      <Filter>Source Files\Mesh</Filter>
    </ClInclude>
    <ClInclude Include="MRPartMapping.h">
      <Filter>Source Files\Mesh</Filter>
    </ClInclude>
    <ClInclude Include="MRPointOnFace.h">
      <Filter>Source Files\Mesh</Filter>
    </ClInclude>
    <ClInclude Include="MRMeshPart.h">
      <Filter>Source Files\Mesh</Filter>
    </ClInclude>
    <ClInclude Include="MRMeshEigen.h">
      <Filter>Source Files\Mesh</Filter>
    </ClInclude>
    <ClInclude Include="MRConvexHull.h">
      <Filter>Source Files\MeshAlgorithm</Filter>
    </ClInclude>
    <ClInclude Include="MRExpandShrink.h">
      <Filter>Source Files\MeshAlgorithm</Filter>
    </ClInclude>
    <ClInclude Include="MRExpected.h">
      <Filter>Source Files\Basic</Filter>
    </ClInclude>
    <ClInclude Include="MRContoursStitch.h">
      <Filter>Source Files\Contours</Filter>
    </ClInclude>
    <ClInclude Include="MRFillContour.h">
      <Filter>Source Files\Contours</Filter>
    </ClInclude>
    <ClInclude Include="MRFillContours2D.h">
      <Filter>Source Files\Contours</Filter>
    </ClInclude>
    <ClInclude Include="MRGridSampling.h">
      <Filter>Source Files\PointCloud</Filter>
    </ClInclude>
    <ClInclude Include="MRNoDefInit.h">
      <Filter>Source Files\Basic</Filter>
    </ClInclude>
    <ClInclude Include="MRphmap.h">
      <Filter>Source Files\Basic</Filter>
    </ClInclude>
    <ClInclude Include="MRRegionBoundary.h">
      <Filter>Source Files\MeshAlgorithm</Filter>
    </ClInclude>
    <ClInclude Include="MROffsetVerts.h">
      <Filter>Source Files\MeshAlgorithm</Filter>
    </ClInclude>
    <ClInclude Include="MRRingIterator.h">
      <Filter>Source Files\Basic</Filter>
    </ClInclude>
    <ClInclude Include="MRWriter.h">
      <Filter>Source Files\Basic</Filter>
    </ClInclude>
    <ClInclude Include="MRICP.h">
      <Filter>Source Files\MeshAlgorithm</Filter>
    </ClInclude>
    <ClInclude Include="MRMeshTrimWithPlane.h">
      <Filter>Source Files\MeshAlgorithm</Filter>
    </ClInclude>
    <ClInclude Include="MRColorMapAggregator.h">
      <Filter>Source Files\Basic</Filter>
    </ClInclude>
    <ClInclude Include="MRCloseVertices.h">
      <Filter>Source Files\MeshAlgorithm</Filter>
    </ClInclude>
    <ClInclude Include="MROverlappingTris.h">
      <Filter>Source Files\AABBTree</Filter>
    </ClInclude>
    <ClInclude Include="MRObjectGcode.h">
      <Filter>Source Files\DataModel</Filter>
    </ClInclude>
    <ClInclude Include="MRGcodeProcessor.h">
      <Filter>Source Files\Gcode</Filter>
    </ClInclude>
    <ClInclude Include="MRGcodeLoad.h">
      <Filter>Source Files\IO</Filter>
    </ClInclude>
    <ClInclude Include="MRFile.h">
      <Filter>Source Files\System</Filter>
    </ClInclude>
    <ClInclude Include="MRDirectory.h">
      <Filter>Source Files\System</Filter>
    </ClInclude>
    <ClInclude Include="MRAxis.h">
      <Filter>Source Files\BaseStructures</Filter>
    </ClInclude>
    <ClInclude Include="MRChangeObjectFields.h">
      <Filter>Source Files\History</Filter>
    </ClInclude>
    <ClInclude Include="MRMutexOwner.h">
      <Filter>Source Files\System</Filter>
    </ClInclude>
    <ClInclude Include="MRSignal.h">
      <Filter>Source Files\Basic</Filter>
    </ClInclude>
    <ClInclude Include="MRUniquePtr.h">
      <Filter>Source Files\Basic</Filter>
    </ClInclude>
    <ClInclude Include="MRViewportProperty.h">
      <Filter>Source Files\Basic</Filter>
    </ClInclude>
    <ClInclude Include="MRViewportId.h">
      <Filter>Source Files\Basic</Filter>
    </ClInclude>
    <ClInclude Include="MRInnerShell.h">
      <Filter>Source Files\AABBTree</Filter>
    </ClInclude>
    <ClInclude Include="MRMovementBuildBody.h">
      <Filter>Source Files\Primitives</Filter>
    </ClInclude>
    <ClInclude Include="MRCNCMachineSettings.h">
      <Filter>Source Files\Gcode</Filter>
    </ClInclude>
    <ClInclude Include="MRIsNaN.h">
      <Filter>Source Files\Math</Filter>
    </ClInclude>
    <ClInclude Include="MRIOParsing.h">
      <Filter>Source Files\IO</Filter>
    </ClInclude>
    <ClInclude Include="MRTiffIO.h">
      <Filter>Source Files\IO</Filter>
    </ClInclude>
    <ClInclude Include="MRTerrainTriangulation.h">
      <Filter>Source Files\Triangulation</Filter>
    </ClInclude>
    <ClInclude Include="MRPointOnObject.h">
      <Filter>Source Files\Basic</Filter>
    </ClInclude>
    <ClInclude Include="MRPointsProject.h">
      <Filter>Source Files\AABBTree</Filter>
    </ClInclude>
    <ClInclude Include="MRSegmPoint.h">
      <Filter>Source Files\Math</Filter>
    </ClInclude>
    <ClInclude Include="MREmbedTerrainStructure.h">
      <Filter>Source Files\Boolean</Filter>
    </ClInclude>
    <ClInclude Include="MRMapEdge.h">
      <Filter>Source Files\Basic</Filter>
    </ClInclude>
    <ClInclude Include="MRMeshExtrude.h">
      <Filter>Source Files\Mesh</Filter>
    </ClInclude>
    <ClInclude Include="MRGraph.h">
      <Filter>Source Files\Math</Filter>
    </ClInclude>
    <ClInclude Include="MRWatershedGraph.h">
      <Filter>Source Files\WaterFlow</Filter>
    </ClInclude>
    <ClInclude Include="MRAggregateFlow.h">
      <Filter>Source Files\WaterFlow</Filter>
    </ClInclude>
    <ClInclude Include="MRBasinVolume.h">
      <Filter>Source Files\WaterFlow</Filter>
    </ClInclude>
    <ClInclude Include="MRMeshOverhangs.h">
      <Filter>Source Files\MeshAlgorithm</Filter>
    </ClInclude>
    <ClInclude Include="MRPrecipitationSimulator.h">
      <Filter>Source Files\WaterFlow</Filter>
    </ClInclude>
    <ClInclude Include="MRMeshOrPoints.h">
      <Filter>Source Files\Mesh</Filter>
    </ClInclude>
    <ClInclude Include="MRZip.h">
      <Filter>Source Files\IO</Filter>
    </ClInclude>
    <ClInclude Include="MRMeshLoadSettings.h">
      <Filter>Source Files\IO</Filter>
    </ClInclude>
    <ClInclude Include="MROffsetContours.h">
      <Filter>Source Files\Polyline</Filter>
    </ClInclude>
    <ClInclude Include="MRChangeColoringType.h">
      <Filter>Source Files\History</Filter>
    </ClInclude>
    <ClInclude Include="MRFewSmallest.h">
      <Filter>Source Files\Basic</Filter>
    </ClInclude>
    <ClInclude Include="MRSolarRadiation.h">
      <Filter>Source Files\AABBTree</Filter>
    </ClInclude>
    <ClInclude Include="MRImproveSampling.h">
      <Filter>Source Files\PointCloud</Filter>
    </ClInclude>
    <ClInclude Include="MRChangeColoringActions.h">
      <Filter>Source Files\History</Filter>
    </ClInclude>
    <ClInclude Include="MRCloudPartMapping.h">
      <Filter>Source Files\PointCloud</Filter>
    </ClInclude>
    <ClInclude Include="MREnumNeighbours.h">
      <Filter>Source Files\Mesh</Filter>
    </ClInclude>
    <ClInclude Include="MRMeshDiff.h">
      <Filter>Source Files\Mesh</Filter>
    </ClInclude>
    <ClInclude Include="MRFilterCreaseEdges.h">
      <Filter>Source Files\MeshAlgorithm</Filter>
    </ClInclude>
    <ClInclude Include="MRMeshReplicate.h">
      <Filter>Source Files\Mesh</Filter>
    </ClInclude>
    <ClInclude Include="MRInTreePathBuilder.h">
      <Filter>Source Files\SurfacePath</Filter>
    </ClInclude>
    <ClInclude Include="MRSaveSettings.h">
      <Filter>Source Files\IO</Filter>
    </ClInclude>
    <ClInclude Include="MRSceneLoad.h">
      <Filter>Source Files\IO</Filter>
    </ClInclude>
    <ClInclude Include="MRChangeValue.h">
      <Filter>Source Files\History</Filter>
    </ClInclude>
    <ClInclude Include="MRUVSphere.h">
      <Filter>Source Files\Primitives</Filter>
    </ClInclude>
    <ClInclude Include="MRSphere.h">
      <Filter>Source Files\Math</Filter>
    </ClInclude>
    <ClInclude Include="MRObjectSave.h">
      <Filter>Source Files\IO</Filter>
    </ClInclude>
    <ClInclude Include="MRAligningTransform.h">
      <Filter>Source Files\Math</Filter>
    </ClInclude>
    <ClInclude Include="MRPointToPointAligningTransform.h">
      <Filter>Source Files\Math</Filter>
    </ClInclude>
    <ClInclude Include="MRPointToPlaneAligningTransform.h">
      <Filter>Source Files\Math</Filter>
    </ClInclude>
    <ClInclude Include="MRCylinderObject.h">
      <Filter>Source Files\DataModel\Features</Filter>
    </ClInclude>
    <ClInclude Include="MRFinally.h">
      <Filter>Source Files\Basic</Filter>
    </ClInclude>
    <ClInclude Include="MRCylinderApproximator.h">
      <Filter>Source Files\Math</Filter>
    </ClInclude>
    <ClInclude Include="MRCylinder3.h">
      <Filter>Source Files\Math</Filter>
    </ClInclude>
    <ClInclude Include="MRConeObject.h">
      <Filter>Source Files\DataModel\Features</Filter>
    </ClInclude>
    <ClInclude Include="MRCone3.h">
      <Filter>Source Files\Math</Filter>
    </ClInclude>
    <ClInclude Include="MRConeApproximator.h">
      <Filter>Source Files\Math</Filter>
    </ClInclude>
    <ClInclude Include="MRSymMatrix4.h">
      <Filter>Source Files\Math</Filter>
    </ClInclude>
    <ClInclude Include="MRFeatureObject.h">
      <Filter>Source Files\DataModel\Features</Filter>
    </ClInclude>
    <ClInclude Include="MRFeatures.h">
      <Filter>Source Files\Math</Filter>
    </ClInclude>
    <ClInclude Include="MRSubfeatures.h">
      <Filter>Source Files\Math</Filter>
    </ClInclude>
    <ClInclude Include="MRLocalTriangulations.h">
      <Filter>Source Files\Triangulation</Filter>
    </ClInclude>
    <ClInclude Include="MRFlagOperators.h">
      <Filter>Source Files\Basic</Filter>
    </ClInclude>
    <ClInclude Include="MRMeasurementObject.h">
      <Filter>Source Files\DataModel\Measurements</Filter>
    </ClInclude>
    <ClInclude Include="MRRadiusMeasurementObject.h">
      <Filter>Source Files\DataModel\Measurements</Filter>
    </ClInclude>
    <ClInclude Include="MRDistanceMeasurementObject.h">
      <Filter>Source Files\DataModel\Measurements</Filter>
    </ClInclude>
    <ClInclude Include="MRAngleMeasurementObject.h">
      <Filter>Source Files\DataModel\Measurements</Filter>
    </ClInclude>
    <ClInclude Include="MRUnorientedTriangle.h">
      <Filter>Source Files\Mesh</Filter>
    </ClInclude>
    <ClInclude Include="MRPointsComponents.h">
      <Filter>Source Files\Components</Filter>
    </ClInclude>
    <ClInclude Include="MRPointCloudDivideWithPlane.h">
      <Filter>Source Files\PointCloud</Filter>
    </ClInclude>
    <ClInclude Include="MRPolylineTrimWithPlane.h">
      <Filter>Source Files\Polyline</Filter>
    </ClInclude>
    <ClInclude Include="MRMisonLoad.h">
      <Filter>Source Files\IO</Filter>
    </ClInclude>
    <ClInclude Include="MRAddVisualPropertiesMixin.h">
      <Filter>Source Files\DataModel</Filter>
    </ClInclude>
    <ClInclude Include="MRObjectDimensionsEnum.h">
      <Filter>Source Files\DataModel</Filter>
    </ClInclude>
    <ClInclude Include="MRRenderModelParameters.h">
      <Filter>Source Files\Render</Filter>
    </ClInclude>
    <ClInclude Include="MRFaceDistance.h">
      <Filter>Source Files\SurfacePath</Filter>
    </ClInclude>
    <ClInclude Include="MRTriMesh.h">
      <Filter>Source Files\Mesh</Filter>
    </ClInclude>
    <ClInclude Include="MRAddNoise.h">
      <Filter>Source Files\Algorithms</Filter>
    </ClInclude>
    <ClInclude Include="MRVectorTraits.h">
      <Filter>Source Files\Basic</Filter>
    </ClInclude>
    <ClInclude Include="MRSeparationPoint.h">
      <Filter>Source Files\Voxels</Filter>
    </ClInclude>
    <ClInclude Include="MRMultiwayICP.h">
      <Filter>Source Files\MeshAlgorithm</Filter>
    </ClInclude>
    <ClInclude Include="MRFixSelfIntersections.h">
      <Filter>Source Files\SelfIntersectoins</Filter>
    </ClInclude>
    <ClInclude Include="MRMapping.h">
      <Filter>Source Files\Mesh</Filter>
    </ClInclude>
    <ClInclude Include="MRRigidXf3.h">
      <Filter>Source Files\Math</Filter>
    </ClInclude>
    <ClInclude Include="MRRigidScaleXf3.h">
      <Filter>Source Files\Math</Filter>
    </ClInclude>
    <ClInclude Include="MRMultiwayAligningTransform.h">
      <Filter>Source Files\Math</Filter>
    </ClInclude>
    <ClInclude Include="MRIterativeSampling.h">
      <Filter>Source Files\PointCloud</Filter>
    </ClInclude>
    <ClInclude Include="MRDipole.h">
      <Filter>Source Files\Math</Filter>
    </ClInclude>
    <ClInclude Include="MRAABBTreeBase.h">
      <Filter>Source Files\AABBTree</Filter>
    </ClInclude>
    <ClInclude Include="MRAABBTreeBase.hpp">
      <Filter>Source Files\AABBTree</Filter>
    </ClInclude>
    <ClInclude Include="MRAABBTreeObjects.h">
      <Filter>Source Files\AABBTree</Filter>
    </ClInclude>
    <ClInclude Include="MRAABBTreeMaker.hpp">
      <Filter>Source Files\AABBTree</Filter>
    </ClInclude>
    <ClInclude Include="MRLevelOfDetails.h">
      <Filter>Source Files\Decimation</Filter>
    </ClInclude>
    <ClInclude Include="MRFeatureObjectImpls.h">
      <Filter>Source Files\DataModel\Features</Filter>
    </ClInclude>
    <ClInclude Include="MRFeatureRefine.h">
      <Filter>Source Files\DataModel\Features</Filter>
    </ClInclude>
    <ClInclude Include="MRFeatureHelpers.h">
      <Filter>Source Files\DataModel\Features</Filter>
    </ClInclude>
    <ClInclude Include="MRFillHoleNicely.h">
      <Filter>Source Files\MeshAlgorithm</Filter>
    </ClInclude>
    <ClInclude Include="MREnums.h">
      <Filter>Source Files\Basic</Filter>
    </ClInclude>
    <ClInclude Include="MRParabola.h">
      <Filter>Source Files\Math</Filter>
    </ClInclude>
    <ClInclude Include="MRBestFitParabola.h">
      <Filter>Source Files\Math</Filter>
    </ClInclude>
    <ClInclude Include="MRPointCloudDistance.h">
      <Filter>Source Files\PointCloud</Filter>
    </ClInclude>
    <ClInclude Include="MRMeshRelax.hpp">
      <Filter>Source Files\Algorithms</Filter>
    </ClInclude>
    <ClInclude Include="MRParallel.h">
      <Filter>Source Files\Basic</Filter>
    </ClInclude>
    <ClInclude Include="MRBestFitPolynomial.h">
      <Filter>Source Files\Math</Filter>
    </ClInclude>
    <ClInclude Include="MRMeta.h">
      <Filter>Source Files\Basic</Filter>
    </ClInclude>
    <ClInclude Include="MRMacros.h">
      <Filter>Source Files\Basic</Filter>
    </ClInclude>
    <ClInclude Include="MRStacktrace.h">
      <Filter>Source Files\System</Filter>
    </ClInclude>
    <ClInclude Include="MRMeshThickness.h">
      <Filter>Source Files\AABBTree</Filter>
    </ClInclude>
    <ClInclude Include="MRMeshDecimateCallbacks.h">
      <Filter>Source Files\Decimation</Filter>
    </ClInclude>
    <ClInclude Include="MRICPEnums.h">
      <Filter>Source Files\MeshAlgorithm</Filter>
    </ClInclude>
    <ClInclude Include="MRMeshSubdivideCallbacks.h">
      <Filter>Source Files\MeshAlgorithm</Filter>
    </ClInclude>
    <ClInclude Include="MRMeshAttributesToUpdate.h">
      <Filter>Source Files\MeshAlgorithm</Filter>
    </ClInclude>
    <ClInclude Include="MRCanonicalTypedefs.h">
      <Filter>Source Files\Basic</Filter>
    </ClInclude>
    <ClInclude Include="MRUniqueTemporaryFolder.h">
      <Filter>Source Files\IO</Filter>
    </ClInclude>
    <ClInclude Include="MRProjectionMeshAttribute.h">
      <Filter>Source Files\MeshAlgorithm</Filter>
    </ClInclude>
    <ClInclude Include="MROnInit.h">
      <Filter>Source Files\Basic</Filter>
    </ClInclude>
    <ClInclude Include="MRPointsLoadSettings.h">
      <Filter>Source Files\IO</Filter>
    </ClInclude>
    <ClInclude Include="MRSystemPath.h">
      <Filter>Source Files\System</Filter>
    </ClInclude>
    <ClInclude Include="MRScopedValue.h">
      <Filter>Source Files\Basic</Filter>
    </ClInclude>
    <ClInclude Include="MRMeshMeshDistance.h">
      <Filter>Source Files\AABBTree</Filter>
    </ClInclude>
    <ClInclude Include="MRSignDetectionMode.h">
      <Filter>Source Files\Mesh</Filter>
    </ClInclude>
    <ClInclude Include="MRLoadedObjects.h">
      <Filter>Source Files\IO</Filter>
    </ClInclude>
    <ClInclude Include="MRMarkedContour.h">
      <Filter>Source Files\Math</Filter>
    </ClInclude>
    <ClInclude Include="MRPartialChangeMeshAction.h">
      <Filter>Source Files\History</Filter>
    </ClInclude>
    <ClInclude Include="MRVertCoordsDiff.h">
      <Filter>Source Files\Mesh</Filter>
    </ClInclude>
    <ClInclude Include="MRMeshTopologyDiff.h">
      <Filter>Source Files\Mesh</Filter>
    </ClInclude>
    <ClInclude Include="MRDistanceToMeshOptions.h">
      <Filter>Source Files\AABBTree</Filter>
    </ClInclude>
    <ClInclude Include="MRChangeScaleAction.h">
      <Filter>Source Files\History</Filter>
    </ClInclude>
    <ClInclude Include="MRRadiusCompensation.h">
      <Filter>Source Files\Gcode</Filter>
    </ClInclude>
    <ClInclude Include="MRPriorityQueue.h">
      <Filter>Source Files\Basic</Filter>
    </ClInclude>
    <ClInclude Include="MRSurfaceLineOffset.h">
      <Filter>Source Files\Mesh</Filter>
    </ClInclude>
    <ClInclude Include="MRSharedThreadSafeOwner.h">
      <Filter>Source Files\AABBTree</Filter>
    </ClInclude>
    <ClInclude Include="MRBall.h">
      <Filter>Source Files\Math</Filter>
    </ClInclude>
    <ClInclude Include="MRPointsInBox.h">
      <Filter>Source Files\AABBTree</Filter>
    </ClInclude>
    <ClInclude Include="MROutlierPoints.h">
      <Filter>Source Files\PointCloud</Filter>
    </ClInclude>
    <ClInclude Include="MRObjectLinesHolder.h">
      <Filter>Source Files\DataModel</Filter>
    </ClInclude>
    <ClInclude Include="MRObjectMeshHolder.h">
      <Filter>Source Files\DataModel</Filter>
    </ClInclude>
    <ClInclude Include="MRObjectPointsHolder.h">
      <Filter>Source Files\DataModel</Filter>
    </ClInclude>
    <ClInclude Include="MRObjectMeshData.h">
      <Filter>Source Files\DataModel</Filter>
    </ClInclude>
    <ClInclude Include="MRChangeMeshDataAction.h">
      <Filter>Source Files\History</Filter>
    </ClInclude>
    <ClInclude Include="MRChunkIterator.h">
      <Filter>Source Files\Basic</Filter>
    </ClInclude>
    <ClInclude Include="MRGTest.h">
      <Filter>Source Files\Basic</Filter>
    </ClInclude>
    <ClInclude Include="MRBezier.h">
      <Filter>Source Files\Math</Filter>
    </ClInclude>
    <ClInclude Include="MRMeshOrPointsObject.h">
      <Filter>Source Files\DataModel</Filter>
    </ClInclude>
    <ClInclude Include="MRMeshDoubleLayer.h">
      <Filter>Source Files\AABBTree</Filter>
    </ClInclude>
    <ClInclude Include="MRTbbThreadMutex.h" />
    <ClInclude Include="MRProcessSelfTreeSubtasks.h">
      <Filter>Source Files\AABBTree</Filter>
    </ClInclude>
    <ClInclude Include="MRParallelMinMax.h">
      <Filter>Source Files\Basic</Filter>
    </ClInclude>
    <ClInclude Include="MRMinMaxArg.h">
      <Filter>Source Files\Basic</Filter>
    </ClInclude>
    <ClInclude Include="MRClosestWeightedPoint.h">
      <Filter>Source Files\AABBTree</Filter>
    </ClInclude>
    <ClInclude Include="MRTbbTaskArenaAndGroup.h">
      <Filter>Source Files\AABBTree</Filter>
    </ClInclude>
    <ClInclude Include="MREdgeLengthMesh.h">
      <Filter>Source Files\Mesh</Filter>
    </ClInclude>
    <ClInclude Include="MRMeshMath.h">
      <Filter>Source Files\Mesh</Filter>
    </ClInclude>
    <ClInclude Include="MRDirMaxBruteForce.h">
      <Filter>Source Files\Algorithms</Filter>
    </ClInclude>
    <ClInclude Include="MRDirMax.h">
      <Filter>Source Files\AABBTree</Filter>
    </ClInclude>
    <ClInclude Include="MRChrono.h">
      <Filter>Source Files\System</Filter>
    </ClInclude>
    <ClInclude Include="MRMapOrHashMap.h">
      <Filter>Source Files\Basic</Filter>
    </ClInclude>
    <ClInclude Include="MRResizeNoInit.h">
      <Filter>Source Files\Basic</Filter>
    </ClInclude>
    <ClInclude Include="MROneMeshContours.h">
      <Filter>Source Files\Contours</Filter>
    </ClInclude>
    <ClInclude Include="MRInplaceStack.h" />
    <ClInclude Include="MRUnionFindParallel.h">
      <Filter>Source Files\Basic</Filter>
    </ClInclude>
    <ClInclude Include="MRTripleFaceIntersections.h">
      <Filter>Source Files\Contours</Filter>
    </ClInclude>
    <ClInclude Include="MRFastInt128.h">
      <Filter>Source Files\Math</Filter>
    </ClInclude>
    <ClInclude Include="MREndMill.h">
      <Filter>Source Files\Gcode</Filter>
    </ClInclude>
    <ClInclude Include="MRSparsePolynomial.h">
      <Filter>Source Files\Math</Filter>
    </ClInclude>
    <ClInclude Include="MRDivRound.h">
      <Filter>Source Files\Math</Filter>
    </ClInclude>
    <ClInclude Include="MRPly.h">
      <Filter>Source Files\IO</Filter>
    </ClInclude>
    <ClInclude Include="MRLinesLoadSettings.h">
      <Filter>Source Files\IO</Filter>
    </ClInclude>
    <ClInclude Include="MRSolidOfRevolution.h">
      <Filter>Source Files\Primitives</Filter>
    </ClInclude>
    <ClInclude Include="MRPointCloudPart.h">
      <Filter>Source Files\PointCloud</Filter>
    </ClInclude>
    <ClInclude Include="MRImageTransform.h">
      <Filter>Source Files\Algorithms</Filter>
    </ClInclude>
    <ClInclude Include="MRAlignContoursToMesh.h">
      <Filter>Source Files\Polyline</Filter>
    </ClInclude>
    <ClInclude Include="MRObjectTagEventDispatcher.h">
      <Filter>Source Files\DataModel</Filter>
    </ClInclude>
    <ClInclude Include="MRPartMappingAdapters.h">
      <Filter>Source Files\Mesh</Filter>
    </ClInclude>
    <ClInclude Include="MRObjectComparableWithReference.h">
      <Filter>Source Files\DataModel</Filter>
    </ClInclude>
  </ItemGroup>
  <ItemGroup>
    <ClCompile Include="MRParallelProgressReporter.cpp">
      <Filter>Source Files\BaseStructures</Filter>
    </ClCompile>
    <ClCompile Include="MRObject.cpp">
      <Filter>Source Files\DataModel</Filter>
    </ClCompile>
    <ClCompile Include="MRObjectLoad.cpp">
      <Filter>Source Files\DataModel</Filter>
    </ClCompile>
    <ClCompile Include="MRTimer.cpp">
      <Filter>Source Files\Basic</Filter>
    </ClCompile>
    <ClCompile Include="MRBestFit.cpp">
      <Filter>Source Files\Math</Filter>
    </ClCompile>
    <ClCompile Include="MRBitSet.cpp">
      <Filter>Source Files\Basic</Filter>
    </ClCompile>
    <ClCompile Include="MRAffineXf3.cpp">
      <Filter>Source Files\Math</Filter>
    </ClCompile>
    <ClCompile Include="MRCylinder.cpp">
      <Filter>Source Files\Primitives</Filter>
    </ClCompile>
    <ClCompile Include="MRCube.cpp">
      <Filter>Source Files\Primitives</Filter>
    </ClCompile>
    <ClCompile Include="MRTorus.cpp">
      <Filter>Source Files\Primitives</Filter>
    </ClCompile>
    <ClCompile Include="MRHistogram.cpp">
      <Filter>Source Files\Math</Filter>
    </ClCompile>
    <ClCompile Include="MRSystem.cpp">
      <Filter>Source Files\System</Filter>
    </ClCompile>
    <ClCompile Include="MRMeshSave.cpp">
      <Filter>Source Files\IO</Filter>
    </ClCompile>
    <ClCompile Include="MRMeshLoad.cpp">
      <Filter>Source Files\IO</Filter>
    </ClCompile>
    <ClCompile Include="miniply.cpp">
      <Filter>Source Files\IO</Filter>
    </ClCompile>
    <ClCompile Include="MRObjectMesh.cpp">
      <Filter>Source Files\DataModel</Filter>
    </ClCompile>
    <ClCompile Include="MRVisualObject.cpp">
      <Filter>Source Files\DataModel</Filter>
    </ClCompile>
    <ClCompile Include="MRObjectFactory.cpp">
      <Filter>Source Files\DataModel</Filter>
    </ClCompile>
    <ClCompile Include="MRSerializer.cpp">
      <Filter>Source Files\IO</Filter>
    </ClCompile>
    <ClCompile Include="MRObjectLines.cpp">
      <Filter>Source Files\DataModel</Filter>
    </ClCompile>
    <ClCompile Include="MRArrow.cpp">
      <Filter>Source Files\Primitives</Filter>
    </ClCompile>
    <ClCompile Include="MRMathInstatiate.cpp">
      <Filter>Source Files\Math</Filter>
    </ClCompile>
    <ClCompile Include="MRQuadraticForm.cpp">
      <Filter>Source Files\Math</Filter>
    </ClCompile>
    <ClCompile Include="MRTriDist.cpp">
      <Filter>Source Files\Math</Filter>
    </ClCompile>
    <ClCompile Include="MRAABBTree.cpp">
      <Filter>Source Files\AABBTree</Filter>
    </ClCompile>
    <ClCompile Include="MRMeshDistance.cpp">
      <Filter>Source Files\AABBTree</Filter>
    </ClCompile>
    <ClCompile Include="MRMakePlane.cpp">
      <Filter>Source Files\Primitives</Filter>
    </ClCompile>
    <ClCompile Include="MRMeshCollide.cpp">
      <Filter>Source Files\AABBTree</Filter>
    </ClCompile>
    <ClCompile Include="MRMeshProject.cpp">
      <Filter>Source Files\AABBTree</Filter>
    </ClCompile>
    <ClCompile Include="MRStringConvert.cpp">
      <Filter>Source Files\Basic</Filter>
    </ClCompile>
    <ClCompile Include="MREdgePaths.cpp">
      <Filter>Source Files\SurfacePath</Filter>
    </ClCompile>
    <ClCompile Include="MRSurfaceDistance.cpp">
      <Filter>Source Files\SurfacePath</Filter>
    </ClCompile>
    <ClCompile Include="MRSurfacePath.cpp">
      <Filter>Source Files\SurfacePath</Filter>
    </ClCompile>
    <ClCompile Include="MRGeodesicPath.cpp">
      <Filter>Source Files\SurfacePath</Filter>
    </ClCompile>
    <ClCompile Include="MRSceneColors.cpp">
      <Filter>Source Files\BaseStructures</Filter>
    </ClCompile>
    <ClCompile Include="MRVolumeIndexer.cpp">
      <Filter>Source Files\Voxels</Filter>
    </ClCompile>
    <ClCompile Include="MRPrecisePredicates3.cpp">
      <Filter>Source Files\Math</Filter>
    </ClCompile>
    <ClCompile Include="MRObjectPoints.cpp">
      <Filter>Source Files\DataModel</Filter>
    </ClCompile>
    <ClCompile Include="MRPointsLoad.cpp">
      <Filter>Source Files\IO</Filter>
    </ClCompile>
    <ClCompile Include="MRPointsSave.cpp">
      <Filter>Source Files\IO</Filter>
    </ClCompile>
    <ClCompile Include="MRMeshCollidePrecise.cpp">
      <Filter>Source Files\AABBTree</Filter>
    </ClCompile>
    <ClCompile Include="MRBase64.cpp">
      <Filter>Source Files\IO</Filter>
    </ClCompile>
    <ClCompile Include="MRLog.cpp">
      <Filter>Source Files\Basic</Filter>
    </ClCompile>
    <ClCompile Include="MRStreamOperators.cpp">
      <Filter>Source Files\IO</Filter>
    </ClCompile>
    <ClCompile Include="MRImageSave.cpp">
      <Filter>Source Files\IO</Filter>
    </ClCompile>
    <ClCompile Include="MRMeshIntersect.cpp">
      <Filter>Source Files\AABBTree</Filter>
    </ClCompile>
    <ClCompile Include="MRAABBTreePoints.cpp">
      <Filter>Source Files\AABBTree</Filter>
    </ClCompile>
    <ClCompile Include="MRPointsInBall.cpp">
      <Filter>Source Files\AABBTree</Filter>
    </ClCompile>
    <ClCompile Include="MRSceneRoot.cpp">
      <Filter>Source Files\DataModel</Filter>
    </ClCompile>
    <ClCompile Include="MRRegularGridMesh.cpp">
      <Filter>Source Files\Primitives</Filter>
    </ClCompile>
    <ClCompile Include="MRPointCloud.cpp">
      <Filter>Source Files\PointCloud</Filter>
    </ClCompile>
    <ClCompile Include="MRUniformSampling.cpp">
      <Filter>Source Files\PointCloud</Filter>
    </ClCompile>
    <ClCompile Include="MRPointCloudMakeNormals.cpp">
      <Filter>Source Files\PointCloud</Filter>
    </ClCompile>
    <ClCompile Include="MRRegularMapMesher.cpp">
      <Filter>Source Files\PointCloud</Filter>
    </ClCompile>
    <ClCompile Include="MRIOFormatsRegistry.cpp">
      <Filter>Source Files\IO</Filter>
    </ClCompile>
    <ClCompile Include="MRAABBTreePolyline3.cpp">
      <Filter>Source Files\AABBTree</Filter>
    </ClCompile>
    <ClCompile Include="MRPolylineProject.cpp">
      <Filter>Source Files\AABBTree</Filter>
    </ClCompile>
    <ClCompile Include="MRPointCloudRadius.cpp">
      <Filter>Source Files\PointCloud</Filter>
    </ClCompile>
    <ClCompile Include="MRChangeSceneAction.cpp">
      <Filter>Source Files\History</Filter>
    </ClCompile>
    <ClCompile Include="MRTunnelDetector.cpp">
      <Filter>Source Files\SurfacePath</Filter>
    </ClCompile>
    <ClCompile Include="MRMakeRigidXf.cpp">
      <Filter>Source Files\Math</Filter>
    </ClCompile>
    <ClCompile Include="MRUniqueThreadSafeOwner.cpp">
      <Filter>Source Files\AABBTree</Filter>
    </ClCompile>
    <ClCompile Include="MRIRenderObject.cpp">
      <Filter>Source Files\Render</Filter>
    </ClCompile>
    <ClCompile Include="MR2DContoursTriangulation.cpp">
      <Filter>Source Files\SymbolMesh</Filter>
    </ClCompile>
    <ClCompile Include="MRConfig.cpp">
      <Filter>Source Files\System</Filter>
    </ClCompile>
    <ClCompile Include="MRDenseBox.cpp">
      <Filter>Source Files\Math</Filter>
    </ClCompile>
    <ClCompile Include="MRMeshComponents.cpp">
      <Filter>Source Files\Components</Filter>
    </ClCompile>
    <ClCompile Include="MRObjectDistanceMap.cpp">
      <Filter>Source Files\DataModel</Filter>
    </ClCompile>
    <ClCompile Include="MRDistanceMapSave.cpp">
      <Filter>Source Files\IO</Filter>
    </ClCompile>
    <ClCompile Include="MRDistanceMapLoad.cpp">
      <Filter>Source Files\IO</Filter>
    </ClCompile>
    <ClCompile Include="MRDistanceMapParams.cpp">
      <Filter>Source Files\DistanceMap</Filter>
    </ClCompile>
    <ClCompile Include="MRDistanceMapTests.cpp">
      <Filter>Source Files\DistanceMap</Filter>
    </ClCompile>
    <ClCompile Include="MRDistanceMap.cpp">
      <Filter>Source Files\DistanceMap</Filter>
    </ClCompile>
    <ClCompile Include="MRImageLoad.cpp">
      <Filter>Source Files\IO</Filter>
    </ClCompile>
    <ClCompile Include="MRAABBTreePolyline2.cpp">
      <Filter>Source Files\AABBTree</Filter>
    </ClCompile>
    <ClCompile Include="MRAffineXf2.cpp">
      <Filter>Source Files\Math</Filter>
    </ClCompile>
    <ClCompile Include="MRTupleBindings.cpp">
      <Filter>Source Files\Math</Filter>
    </ClCompile>
    <ClCompile Include="MRString.cpp">
      <Filter>Source Files\Basic</Filter>
    </ClCompile>
    <ClCompile Include="MRPolylineTopology.cpp">
      <Filter>Source Files\Polyline</Filter>
    </ClCompile>
    <ClCompile Include="MRPrecisePredicates2.cpp">
      <Filter>Source Files\Math</Filter>
    </ClCompile>
    <ClCompile Include="MRPrimitiveMapsComposition.cpp">
      <Filter>Source Files\Basic</Filter>
    </ClCompile>
    <ClCompile Include="MRAABBTreePolyline.cpp">
      <Filter>Source Files\AABBTree</Filter>
    </ClCompile>
    <ClCompile Include="MRBestFitQuadric.cpp">
      <Filter>Source Files\Math</Filter>
    </ClCompile>
    <ClCompile Include="MRIntersection.cpp">
      <Filter>Source Files\Math</Filter>
    </ClCompile>
    <ClCompile Include="MRContour.cpp">
      <Filter>Source Files\Math</Filter>
    </ClCompile>
    <ClCompile Include="MRSurfaceDistanceBuilder.cpp">
      <Filter>Source Files\SurfacePath</Filter>
    </ClCompile>
    <ClCompile Include="MRRestoringStreamsSink.cpp">
      <Filter>Source Files\Basic</Filter>
    </ClCompile>
    <ClCompile Include="MRCombinedHistoryAction.cpp">
      <Filter>Source Files\History</Filter>
    </ClCompile>
    <ClCompile Include="MRMeshLoadObj.cpp">
      <Filter>Source Files\IO</Filter>
    </ClCompile>
    <ClCompile Include="MRRectIndexer.cpp">
      <Filter>Source Files\DistanceMap</Filter>
    </ClCompile>
    <ClCompile Include="MRLine3.cpp">
      <Filter>Source Files\Math</Filter>
    </ClCompile>
    <ClCompile Include="MRComputeBoundingBox.cpp">
      <Filter>Source Files\Math</Filter>
    </ClCompile>
    <ClCompile Include="MRSceneSettings.cpp">
      <Filter>Source Files\BaseStructures</Filter>
    </ClCompile>
    <ClCompile Include="MRLinesSave.cpp">
      <Filter>Source Files\IO</Filter>
    </ClCompile>
    <ClCompile Include="MRLinesLoad.cpp">
      <Filter>Source Files\IO</Filter>
    </ClCompile>
    <ClCompile Include="MRMakeSphereMesh.cpp">
      <Filter>Source Files\Primitives</Filter>
    </ClCompile>
    <ClCompile Include="MRSphereObject.cpp">
      <Filter>Source Files\DataModel\Features</Filter>
    </ClCompile>
    <ClCompile Include="MRPlaneObject.cpp">
      <Filter>Source Files\DataModel\Features</Filter>
    </ClCompile>
    <ClCompile Include="MRPolyline.cpp">
      <Filter>Source Files\Polyline</Filter>
    </ClCompile>
    <ClCompile Include="MRLineObject.cpp">
      <Filter>Source Files\DataModel\Features</Filter>
    </ClCompile>
    <ClCompile Include="MRCircleObject.cpp">
      <Filter>Source Files\DataModel\Features</Filter>
    </ClCompile>
    <ClCompile Include="MRPolyline2Collide.cpp">
      <Filter>Source Files\AABBTree</Filter>
    </ClCompile>
    <ClCompile Include="MRPointObject.cpp">
      <Filter>Source Files\DataModel\Features</Filter>
    </ClCompile>
    <ClCompile Include="MRMeshBuilder.cpp">
      <Filter>Source Files\MeshBuilder</Filter>
    </ClCompile>
    <ClCompile Include="MRMeshBuildDeleteTest.cpp">
      <Filter>Source Files\MeshBuilder</Filter>
    </ClCompile>
    <ClCompile Include="MRIdentifyVertices.cpp">
      <Filter>Source Files\MeshBuilder</Filter>
    </ClCompile>
    <ClCompile Include="MRMeshTopology.cpp">
      <Filter>Source Files\Mesh</Filter>
    </ClCompile>
    <ClCompile Include="MRMesh.cpp">
      <Filter>Source Files\Mesh</Filter>
    </ClCompile>
    <ClCompile Include="MRMeshTriPoint.cpp">
      <Filter>Source Files\Mesh</Filter>
    </ClCompile>
    <ClCompile Include="MRMeshToPointCloud.cpp">
      <Filter>Source Files\MeshAlgorithm</Filter>
    </ClCompile>
    <ClCompile Include="MRMeshNormals.cpp">
      <Filter>Source Files\MeshAlgorithm</Filter>
    </ClCompile>
    <ClCompile Include="MRMeshMetrics.cpp">
      <Filter>Source Files\MeshAlgorithm</Filter>
    </ClCompile>
    <ClCompile Include="MRMeshSubdivide.cpp">
      <Filter>Source Files\MeshAlgorithm</Filter>
    </ClCompile>
    <ClCompile Include="MRMeshFillHole.cpp">
      <Filter>Source Files\MeshAlgorithm</Filter>
    </ClCompile>
    <ClCompile Include="MRMeshFixer.cpp">
      <Filter>Source Files\MeshAlgorithm</Filter>
    </ClCompile>
    <ClCompile Include="MREdgePoint.cpp">
      <Filter>Source Files\Mesh</Filter>
    </ClCompile>
    <ClCompile Include="MRMeshBoundary.cpp">
      <Filter>Source Files\MeshAlgorithm</Filter>
    </ClCompile>
    <ClCompile Include="MRMeshDelete.cpp">
      <Filter>Source Files\MeshAlgorithm</Filter>
    </ClCompile>
    <ClCompile Include="MRMeshDelone.cpp">
      <Filter>Source Files\MeshAlgorithm</Filter>
    </ClCompile>
    <ClCompile Include="MRPolyline2Intersect.cpp">
      <Filter>Source Files\AABBTree</Filter>
    </ClCompile>
    <ClCompile Include="MRPolylineComponents.cpp">
      <Filter>Source Files\Components</Filter>
    </ClCompile>
    <ClCompile Include="MRFillContourByGraphCut.cpp">
      <Filter>Source Files\Segmentation</Filter>
    </ClCompile>
    <ClCompile Include="MRSurroundingContour.cpp">
      <Filter>Source Files\Segmentation</Filter>
    </ClCompile>
    <ClCompile Include="MRContoursCut.cpp">
      <Filter>Source Files\Contours</Filter>
    </ClCompile>
    <ClCompile Include="MRContoursSeparation.cpp">
      <Filter>Source Files\Contours</Filter>
    </ClCompile>
    <ClCompile Include="MRIntersectionContour.cpp">
      <Filter>Source Files\Contours</Filter>
    </ClCompile>
    <ClCompile Include="MRMeshDecimate.cpp">
      <Filter>Source Files\Decimation</Filter>
    </ClCompile>
    <ClCompile Include="MRPolylineDecimate.cpp">
      <Filter>Source Files\Decimation</Filter>
    </ClCompile>
    <ClCompile Include="MRPointCloudTriangulation.cpp">
      <Filter>Source Files\Triangulation</Filter>
    </ClCompile>
    <ClCompile Include="MRPointCloudTriangulationHelpers.cpp">
      <Filter>Source Files\Triangulation</Filter>
    </ClCompile>
    <ClCompile Include="MRBooleanOperation.cpp">
      <Filter>Source Files\Boolean</Filter>
    </ClCompile>
    <ClCompile Include="MRMeshBoolean.cpp">
      <Filter>Source Files\Boolean</Filter>
    </ClCompile>
    <ClCompile Include="MRMeshBooleanFacade.cpp">
      <Filter>Source Files\Boolean</Filter>
    </ClCompile>
    <ClCompile Include="MRMeshSaveObj.cpp">
      <Filter>Source Files\IO</Filter>
    </ClCompile>
    <ClCompile Include="MRPolylineSubdivide.cpp">
      <Filter>Source Files\Polyline</Filter>
    </ClCompile>
    <ClCompile Include="MRMeshRelax.cpp">
      <Filter>Source Files\Algorithms</Filter>
    </ClCompile>
    <ClCompile Include="MRPointCloudRelax.cpp">
      <Filter>Source Files\Algorithms</Filter>
    </ClCompile>
    <ClCompile Include="MRPolylineRelax.cpp">
      <Filter>Source Files\Algorithms</Filter>
    </ClCompile>
    <ClCompile Include="MRPrism.cpp">
      <Filter>Source Files\Primitives</Filter>
    </ClCompile>
    <ClCompile Include="MRProgressReadWrite.cpp">
      <Filter>Source Files\IO</Filter>
    </ClCompile>
    <ClCompile Include="MROffsetVerts.cpp">
      <Filter>Source Files\MeshAlgorithm</Filter>
    </ClCompile>
    <ClCompile Include="MRUniteManyMeshes.cpp">
      <Filter>Source Files\Boolean</Filter>
    </ClCompile>
    <ClCompile Include="MROrder.cpp">
      <Filter>Source Files\Mesh</Filter>
    </ClCompile>
    <ClCompile Include="MRExtractIsolines.cpp">
      <Filter>Source Files\SurfacePath</Filter>
    </ClCompile>
    <ClCompile Include="MRSharpenMarchingCubesMesh.cpp">
      <Filter>Source Files\Voxels</Filter>
    </ClCompile>
    <ClCompile Include="MREdgeMetric.cpp">
      <Filter>Source Files\SurfacePath</Filter>
    </ClCompile>
    <ClCompile Include="MRFastWindingNumber.cpp">
      <Filter>Source Files\AABBTree</Filter>
    </ClCompile>
    <ClCompile Include="MRPointsToMeshProjector.cpp">
      <Filter>Source Files\AABBTree</Filter>
    </ClCompile>
    <ClCompile Include="MRFreeFormDeformer.cpp">
      <Filter>Source Files\LinearSystem</Filter>
    </ClCompile>
    <ClCompile Include="MRLaplacian.cpp">
      <Filter>Source Files\LinearSystem</Filter>
    </ClCompile>
    <ClCompile Include="MRPositionVertsSmoothly.cpp">
      <Filter>Source Files\LinearSystem</Filter>
    </ClCompile>
    <ClCompile Include="MRNormalsToPoints.cpp">
      <Filter>Source Files\LinearSystem</Filter>
    </ClCompile>
    <ClCompile Include="MRNormalDenoising.cpp">
      <Filter>Source Files\LinearSystem</Filter>
    </ClCompile>
    <ClCompile Include="MRId.cpp">
      <Filter>Source Files\Basic</Filter>
    </ClCompile>
    <ClCompile Include="MRPartMapping.cpp">
      <Filter>Source Files\Mesh</Filter>
    </ClCompile>
    <ClCompile Include="MRMeshEigen.cpp">
      <Filter>Source Files\Mesh</Filter>
    </ClCompile>
    <ClCompile Include="MRConvexHull.cpp">
      <Filter>Source Files\MeshAlgorithm</Filter>
    </ClCompile>
    <ClCompile Include="MRExpandShrink.cpp">
      <Filter>Source Files\MeshAlgorithm</Filter>
    </ClCompile>
    <ClCompile Include="MRContoursStitch.cpp">
      <Filter>Source Files\Contours</Filter>
    </ClCompile>
    <ClCompile Include="MRFillContour.cpp">
      <Filter>Source Files\Contours</Filter>
    </ClCompile>
    <ClCompile Include="MRFillContours2D.cpp">
      <Filter>Source Files\Contours</Filter>
    </ClCompile>
    <ClCompile Include="MRGridSampling.cpp">
      <Filter>Source Files\PointCloud</Filter>
    </ClCompile>
    <ClCompile Include="MRRegionBoundary.cpp">
      <Filter>Source Files\MeshAlgorithm</Filter>
    </ClCompile>
    <ClCompile Include="MRICP.cpp">
      <Filter>Source Files\MeshAlgorithm</Filter>
    </ClCompile>
    <ClCompile Include="MRMeshTrimWithPlane.cpp">
      <Filter>Source Files\MeshAlgorithm</Filter>
    </ClCompile>
    <ClCompile Include="MRColorMapAggregator.cpp">
      <Filter>Source Files\Basic</Filter>
    </ClCompile>
    <ClCompile Include="MRCloseVertices.cpp">
      <Filter>Source Files\MeshAlgorithm</Filter>
    </ClCompile>
    <ClCompile Include="MROverlappingTris.cpp">
      <Filter>Source Files\AABBTree</Filter>
    </ClCompile>
    <ClCompile Include="MRObjectGcode.cpp">
      <Filter>Source Files\DataModel</Filter>
    </ClCompile>
    <ClCompile Include="MRGcodeProcessor.cpp">
      <Filter>Source Files\Gcode</Filter>
    </ClCompile>
    <ClCompile Include="MRGcodeLoad.cpp">
      <Filter>Source Files\IO</Filter>
    </ClCompile>
    <ClCompile Include="MRFile.cpp">
      <Filter>Source Files\System</Filter>
    </ClCompile>
    <ClCompile Include="MRExpected.cpp">
      <Filter>Source Files\Basic</Filter>
    </ClCompile>
    <ClCompile Include="MRViewportId.cpp">
      <Filter>Source Files\Basic</Filter>
    </ClCompile>
    <ClCompile Include="MRMovementBuildBody.cpp">
      <Filter>Source Files\Primitives</Filter>
    </ClCompile>
    <ClCompile Include="MRInnerShell.cpp">
      <Filter>Source Files\AABBTree</Filter>
    </ClCompile>
    <ClCompile Include="MRCNCMachineSettings.cpp">
      <Filter>Source Files\Gcode</Filter>
    </ClCompile>
    <ClCompile Include="MRIOParsing.cpp">
      <Filter>Source Files\IO</Filter>
    </ClCompile>
    <ClCompile Include="MRTiffIO.cpp">
      <Filter>Source Files\IO</Filter>
    </ClCompile>
    <ClCompile Include="MRTerrainTriangulation.cpp">
      <Filter>Source Files\Triangulation</Filter>
    </ClCompile>
    <ClCompile Include="MRPointsProject.cpp">
      <Filter>Source Files\AABBTree</Filter>
    </ClCompile>
    <ClCompile Include="MREmbedTerrainStructure.cpp">
      <Filter>Source Files\Boolean</Filter>
    </ClCompile>
    <ClCompile Include="MRMeshExtrude.cpp">
      <Filter>Source Files\Mesh</Filter>
    </ClCompile>
    <ClCompile Include="MRGraph.cpp">
      <Filter>Source Files\Math</Filter>
    </ClCompile>
    <ClCompile Include="MRWatershedGraph.cpp">
      <Filter>Source Files\WaterFlow</Filter>
    </ClCompile>
    <ClCompile Include="MRAggregateFlow.cpp">
      <Filter>Source Files\WaterFlow</Filter>
    </ClCompile>
    <ClCompile Include="MRBasinVolume.cpp">
      <Filter>Source Files\WaterFlow</Filter>
    </ClCompile>
    <ClCompile Include="MRPrecipitationSimulator.cpp">
      <Filter>Source Files\WaterFlow</Filter>
    </ClCompile>
    <ClCompile Include="MRMeshOverhangs.cpp">
      <Filter>Source Files\MeshAlgorithm</Filter>
    </ClCompile>
    <ClCompile Include="MRMeshOrPoints.cpp">
      <Filter>Source Files\Mesh</Filter>
    </ClCompile>
    <ClCompile Include="MRZip.cpp">
      <Filter>Source Files\IO</Filter>
    </ClCompile>
    <ClCompile Include="MROffsetContours.cpp">
      <Filter>Source Files\Polyline</Filter>
    </ClCompile>
    <ClCompile Include="MRSolarRadiation.cpp">
      <Filter>Source Files\AABBTree</Filter>
    </ClCompile>
    <ClCompile Include="MRImproveSampling.cpp">
      <Filter>Source Files\PointCloud</Filter>
    </ClCompile>
    <ClCompile Include="MREnumNeighbours.cpp">
      <Filter>Source Files\Mesh</Filter>
    </ClCompile>
    <ClCompile Include="MRMeshDiff.cpp">
      <Filter>Source Files\Mesh</Filter>
    </ClCompile>
    <ClCompile Include="MRMeshReplicate.cpp">
      <Filter>Source Files\Mesh</Filter>
    </ClCompile>
    <ClCompile Include="MRFilterCreaseEdges.cpp">
      <Filter>Source Files\MeshAlgorithm</Filter>
    </ClCompile>
    <ClCompile Include="MRInTreePathBuilder.cpp">
      <Filter>Source Files\SurfacePath</Filter>
    </ClCompile>
    <ClCompile Include="MRMapEdge.cpp">
      <Filter>Source Files\Basic</Filter>
    </ClCompile>
    <ClCompile Include="MRSaveSettings.cpp">
      <Filter>Source Files\IO</Filter>
    </ClCompile>
    <ClCompile Include="MRImage.cpp">
      <Filter>Source Files\BaseStructures</Filter>
    </ClCompile>
    <ClCompile Include="MRSceneLoad.cpp">
      <Filter>Source Files\IO</Filter>
    </ClCompile>
    <ClCompile Include="MRObjectSave.cpp">
      <Filter>Source Files\IO</Filter>
    </ClCompile>
    <ClCompile Include="MRPointToPointAligningTransform.cpp">
      <Filter>Source Files\Math</Filter>
    </ClCompile>
    <ClCompile Include="MRPointToPlaneAligningTransform.cpp">
      <Filter>Source Files\Math</Filter>
    </ClCompile>
    <ClCompile Include="MRCylinderObject.cpp">
      <Filter>Source Files\DataModel\Features</Filter>
    </ClCompile>
    <ClCompile Include="MRConeObject.cpp">
      <Filter>Source Files\DataModel\Features</Filter>
    </ClCompile>
    <ClCompile Include="MRFeatures.cpp">
      <Filter>Source Files\Math</Filter>
    </ClCompile>
    <ClCompile Include="MRSubfeatures.cpp">
      <Filter>Source Files\Math</Filter>
    </ClCompile>
    <ClCompile Include="MRLocalTriangulations.cpp">
      <Filter>Source Files\Triangulation</Filter>
    </ClCompile>
    <ClCompile Include="MRDirectory.cpp">
      <Filter>Source Files\System</Filter>
    </ClCompile>
    <ClCompile Include="MRRadiusMeasurementObject.cpp">
      <Filter>Source Files\DataModel\Measurements</Filter>
    </ClCompile>
    <ClCompile Include="MRDistanceMeasurementObject.cpp">
      <Filter>Source Files\DataModel\Measurements</Filter>
    </ClCompile>
    <ClCompile Include="MRAngleMeasurementObject.cpp">
      <Filter>Source Files\DataModel\Measurements</Filter>
    </ClCompile>
    <ClCompile Include="MRPointsComponents.cpp">
      <Filter>Source Files\Components</Filter>
    </ClCompile>
    <ClCompile Include="MRPointOnObject.cpp">
      <Filter>Source Files\Basic</Filter>
    </ClCompile>
    <ClCompile Include="MRPointCloudDivideWithPlane.cpp">
      <Filter>Source Files\PointCloud</Filter>
    </ClCompile>
    <ClCompile Include="MRPolylineTrimWithPlane.cpp">
      <Filter>Source Files\Polyline</Filter>
    </ClCompile>
    <ClCompile Include="MRFeatureObject.cpp">
      <Filter>Source Files\DataModel\Features</Filter>
    </ClCompile>
    <ClCompile Include="MRHistoryAction.cpp">
      <Filter>Source Files\History</Filter>
    </ClCompile>
    <ClCompile Include="MRMisonLoad.cpp">
      <Filter>Source Files\IO</Filter>
    </ClCompile>
    <ClCompile Include="MRMeasurementObject.cpp">
      <Filter>Source Files\DataModel\Measurements</Filter>
    </ClCompile>
    <ClCompile Include="MRObjectDimensionsEnum.cpp">
      <Filter>Source Files\DataModel</Filter>
    </ClCompile>
    <ClCompile Include="MRFaceDistance.cpp">
      <Filter>Source Files\SurfacePath</Filter>
    </ClCompile>
    <ClCompile Include="MRAddNoise.cpp">
      <Filter>Source Files\Algorithms</Filter>
    </ClCompile>
    <ClCompile Include="MRLogWindowsExceptions.cpp">
      <Filter>Source Files\System</Filter>
    </ClCompile>
    <ClCompile Include="MRSeparationPoint.cpp">
      <Filter>Source Files\Voxels</Filter>
    </ClCompile>
    <ClCompile Include="MRFixSelfIntersections.cpp">
      <Filter>Source Files\SelfIntersectoins</Filter>
    </ClCompile>
    <ClCompile Include="MRMultiwayICP.cpp">
      <Filter>Source Files\MeshAlgorithm</Filter>
    </ClCompile>
    <ClCompile Include="MRFinally.cpp">
      <Filter>Source Files\Basic</Filter>
    </ClCompile>
    <ClCompile Include="MRMultiwayAligningTransform.cpp">
      <Filter>Source Files\Math</Filter>
    </ClCompile>
    <ClCompile Include="MRIterativeSampling.cpp">
      <Filter>Source Files\PointCloud</Filter>
    </ClCompile>
    <ClCompile Include="MRDipole.cpp">
      <Filter>Source Files\Math</Filter>
    </ClCompile>
    <ClCompile Include="MRAABBTreeObjects.cpp">
      <Filter>Source Files\AABBTree</Filter>
    </ClCompile>
    <ClCompile Include="MRFeatureRefine.cpp">
      <Filter>Source Files\DataModel\Features</Filter>
    </ClCompile>
    <ClCompile Include="MRFeatureHelpers.cpp">
      <Filter>Source Files\DataModel\Features</Filter>
    </ClCompile>
    <ClCompile Include="MRLevelOfDetails.cpp">
      <Filter>Source Files\MeshAlgorithm</Filter>
    </ClCompile>
    <ClCompile Include="MRFillHoleNicely.cpp">
      <Filter>Source Files\MeshAlgorithm</Filter>
    </ClCompile>
    <ClCompile Include="MRBestFitParabola.cpp">
      <Filter>Source Files\Math</Filter>
    </ClCompile>
    <ClCompile Include="MRPointCloudDistance.cpp">
      <Filter>Source Files\PointCloud</Filter>
    </ClCompile>
    <ClCompile Include="MRBestFitPolynomial.cpp">
      <Filter>Source Files\Math</Filter>
    </ClCompile>
    <ClCompile Include="MRMeshThickness.cpp">
      <Filter>Source Files\AABBTree</Filter>
    </ClCompile>
    <ClCompile Include="MRColor.cpp">
      <Filter>Source Files\Basic</Filter>
    </ClCompile>
    <ClCompile Include="MRMeshDecimateCallbacks.cpp">
      <Filter>Source Files\Decimation</Filter>
    </ClCompile>
    <ClCompile Include="MRStacktrace.cpp">
      <Filter>Source Files\System</Filter>
    </ClCompile>
    <ClCompile Include="MRMeshSubdivideCallbacks.cpp">
      <Filter>Source Files\MeshAlgorithm</Filter>
    </ClCompile>
    <ClCompile Include="MRUniqueTemporaryFolder.cpp">
      <Filter>Source Files\IO</Filter>
    </ClCompile>
    <ClCompile Include="MRSystemPath.cpp">
      <Filter>Source Files\System</Filter>
    </ClCompile>
    <ClCompile Include="MRIOFilters.cpp">
      <Filter>Source Files\IO</Filter>
    </ClCompile>
    <ClCompile Include="MRMeshMeshDistance.cpp">
      <Filter>Source Files\AABBTree</Filter>
    </ClCompile>
    <ClCompile Include="MRSignDetectionMode.cpp">
      <Filter>Source Files\Mesh</Filter>
    </ClCompile>
    <ClCompile Include="MRMarkedContour.cpp">
      <Filter>Source Files\Math</Filter>
    </ClCompile>
    <ClCompile Include="MRVertCoordsDiff.cpp">
      <Filter>Source Files\Mesh</Filter>
    </ClCompile>
    <ClCompile Include="MRMeshTopologyDiff.cpp">
      <Filter>Source Files\Mesh</Filter>
    </ClCompile>
    <ClCompile Include="MRRadiusCompensation.cpp">
      <Filter>Source Files\Gcode</Filter>
    </ClCompile>
    <ClCompile Include="MRSurfaceLineOffset.cpp">
      <Filter>Source Files\Mesh</Filter>
    </ClCompile>
    <ClCompile Include="MRWasmHelpers.cpp">
      <Filter>Source Files\System</Filter>
    </ClCompile>
    <ClCompile Include="MRSharedThreadSafeOwner.cpp">
      <Filter>Source Files\AABBTree</Filter>
    </ClCompile>
    <ClCompile Include="MRPointsInBox.cpp">
      <Filter>Source Files\AABBTree</Filter>
    </ClCompile>
    <ClCompile Include="MROutlierPoints.cpp">
      <Filter>Source Files\PointCloud</Filter>
    </ClCompile>
    <ClCompile Include="MRObjectLinesHolder.cpp">
      <Filter>Source Files\DataModel</Filter>
    </ClCompile>
    <ClCompile Include="MRObjectMeshHolder.cpp">
      <Filter>Source Files\DataModel</Filter>
    </ClCompile>
    <ClCompile Include="MRObjectPointsHolder.cpp">
      <Filter>Source Files\DataModel</Filter>
    </ClCompile>
    <ClCompile Include="MRObjectMeshData.cpp">
      <Filter>Source Files\DataModel</Filter>
    </ClCompile>
    <ClCompile Include="MRChunkIterator.cpp">
      <Filter>Source Files\Basic</Filter>
    </ClCompile>
    <ClCompile Include="MRMeshOrPointsObject.cpp">
      <Filter>Source Files\DataModel</Filter>
    </ClCompile>
    <ClCompile Include="MRMeshDoubleLayer.cpp">
      <Filter>Source Files\AABBTree</Filter>
    </ClCompile>
    <ClCompile Include="MRTbbThreadMutex.cpp" />
    <ClCompile Include="MRProcessSelfTreeSubtasks.cpp">
      <Filter>Source Files\AABBTree</Filter>
    </ClCompile>
    <ClCompile Include="MRClosestWeightedPoint.cpp">
      <Filter>Source Files\AABBTree</Filter>
    </ClCompile>
    <ClCompile Include="MREdgeLengthMesh.cpp">
      <Filter>Source Files\Mesh</Filter>
    </ClCompile>
    <ClCompile Include="MRMeshMath.cpp">
      <Filter>Source Files\Mesh</Filter>
    </ClCompile>
    <ClCompile Include="MRDirMaxBruteForce.cpp">
      <Filter>Source Files\Algorithms</Filter>
    </ClCompile>
    <ClCompile Include="MRDirMax.cpp">
      <Filter>Source Files\AABBTree</Filter>
    </ClCompile>
    <ClCompile Include="MRChrono.cpp">
      <Filter>Source Files\System</Filter>
    </ClCompile>
    <ClCompile Include="MROneMeshContours.cpp">
      <Filter>Source Files\Contours</Filter>
    </ClCompile>
    <ClCompile Include="MREnums.cpp">
      <Filter>Source Files\Basic</Filter>
    </ClCompile>
    <ClCompile Include="MRTripleFaceIntersections.cpp">
      <Filter>Source Files\Contours</Filter>
    </ClCompile>
    <ClCompile Include="MREndMill.cpp">
      <Filter>Source Files\Gcode</Filter>
    </ClCompile>
    <ClCompile Include="MRCylinderApproximator.cpp">
      <Filter>Source Files\Math</Filter>
    </ClCompile>
    <ClCompile Include="MRPly.cpp">
      <Filter>Source Files\IO</Filter>
    </ClCompile>
    <ClCompile Include="MRSolidOfRevolution.cpp">
      <Filter>Source Files\Primitives</Filter>
    </ClCompile>
    <ClCompile Include="MRImageTransform.cpp">
      <Filter>Source Files\Algorithms</Filter>
    </ClCompile>
    <ClCompile Include="MRAlignContoursToMesh.cpp">
      <Filter>Source Files\Polyline</Filter>
    </ClCompile>
    <ClCompile Include="MRObjectTagEventDispatcher.cpp">
      <Filter>Source Files\DataModel</Filter>
    </ClCompile>
    <ClCompile Include="MRPartMappingAdapters.cpp">
      <Filter>Source Files\Mesh</Filter>
    </ClCompile>
  </ItemGroup>
  <ItemGroup>
    <None Include="..\.editorconfig" />
  </ItemGroup>
</Project>