
Microsoft Visual Studio Solution File, Format Version 12.00
# Visual Studio Version 17
VisualStudioVersion = 17.11.35312.102
MinimumVisualStudioVersion = 10.0.40219.1
Project("{8BC9CEB8-8B4A-11D0-8D11-00A0C91BC942}") = "example_plugin", "example_plugin.vcxproj", "{EB31768F-3B0D-4B68-AF4F-A7BA7ABF1996}"
EndProject
Global
	GlobalSection(SolutionConfigurationPlatforms) = preSolution
		Debug|x64 = Debug|x64
		Release|x64 = Release|x64
	EndGlobalSection
	GlobalSection(ProjectConfigurationPlatforms) = postSolution
		{EB31768F-3B0D-4B68-AF4F-A7BA7ABF1996}.Debug|x64.ActiveCfg = Debug|x64
		{EB31768F-3B0D-4B68-AF4F-A7BA7ABF1996}.Debug|x64.Build.0 = Debug|x64
		{EB31768F-3B0D-4B68-AF4F-A7BA7ABF1996}.Release|x64.ActiveCfg = Release|x64
		{EB31768F-3B0D-4B68-AF4F-A7BA7ABF1996}.Release|x64.Build.0 = Release|x64
	EndGlobalSection
	GlobalSection(SolutionProperties) = preSolution
		HideSolutionNode = FALSE
	EndGlobalSection
	GlobalSection(ExtensibilityGlobals) = postSolution
		SolutionGuid = {FB0DBB44-7E9F-4E2C-AB95-34329C1A5509}
	EndGlobalSection
EndGlobal
