<?xml version="1.0" encoding="utf-8"?>
<Project ToolsVersion="4.0" xmlns="http://schemas.microsoft.com/developer/msbuild/2003">
  <ItemGroup>
    <CudaCompile Include="MRCudaTest.cu">
      <Filter>CudaTest</Filter>
    </CudaCompile>
    <CudaCompile Include="MRCudaContoursDistanceMap.cu">
      <Filter>DistanceMaps</Filter>
    </CudaCompile>
    <CudaCompile Include="MRCudaPointsToMeshProjector.cu">
      <Filter>MeshProject</Filter>
    </CudaCompile>
    <CudaCompile Include="MRCudaFastWindingNumber.cu">
      <Filter>FastWindingNumber</Filter>
    </CudaCompile>
    <CudaCompile Include="MRCudaSolarRadiation.cu">
      <Filter>SolarRadiation</Filter>
    </CudaCompile>
    <CudaCompile Include="MRCudaPointsToDistanceVolume.cu">
      <Filter>PointsToDistanceVolume</Filter>
    </CudaCompile>
    <CudaCompile Include="MRCudaMeshDistanceMap.cu">
      <Filter>DistanceMaps</Filter>
    </CudaCompile>
    <CudaCompile Include="MRCudaPointsProject.cu">
      <Filter>PointsProject</Filter>
    </CudaCompile>
  </ItemGroup>
  <ItemGroup>
    <ClCompile Include="MRCudaTest.cpp">
      <Filter>CudaTest</Filter>
    </ClCompile>
    <ClCompile Include="MRCudaBasic.cpp">
      <Filter>Basic</Filter>
    </ClCompile>
    <ClCompile Include="MRCudaContoursDistanceMap.cpp">
      <Filter>DistanceMaps</Filter>
    </ClCompile>
    <ClCompile Include="MRCudaPointsToMeshProjector.cpp">
      <Filter>MeshProject</Filter>
    </ClCompile>
    <ClCompile Include="MRCudaFastWindingNumber.cpp">
      <Filter>FastWindingNumber</Filter>
    </ClCompile>
    <ClCompile Include="MRCudaSolarRadiation.cpp">
      <Filter>SolarRadiation</Filter>
    </ClCompile>
    <ClCompile Include="MRCudaPointsToDistanceVolume.cpp">
      <Filter>PointsToDistanceVolume</Filter>
    </ClCompile>
    <ClCompile Include="MRCudaMeshDistanceMap.cpp">
      <Filter>DistanceMaps</Filter>
    </ClCompile>
    <ClCompile Include="MRCudaMath.cpp">
      <Filter>Basic</Filter>
    </ClCompile>
    <ClCompile Include="MRCudaPointsProject.cpp">
      <Filter>PointsProject</Filter>
    </ClCompile>
    <ClCompile Include="MRCudaPointCloud.cpp">
      <Filter>Data Holders</Filter>
    </ClCompile>
    <ClCompile Include="MRCudaPolyline.cpp">
      <Filter>Data Holders</Filter>
    </ClCompile>
  </ItemGroup>
  <ItemGroup>
    <ClInclude Include="exports.h" />
    <ClInclude Include="MRCudaTest.h">
      <Filter>CudaTest</Filter>
    </ClInclude>
    <ClInclude Include="MRCudaTest.cuh">
      <Filter>CudaTest</Filter>
    </ClInclude>
    <ClInclude Include="MRCudaContoursDistanceMap.h">
      <Filter>DistanceMaps</Filter>
    </ClInclude>
    <ClInclude Include="MRCudaBasic.h">
      <Filter>Basic</Filter>
    </ClInclude>
    <ClInclude Include="MRCudaBasic.hpp">
      <Filter>Basic</Filter>
    </ClInclude>
    <ClInclude Include="MRCudaFloat.cuh">
      <Filter>Basic</Filter>
    </ClInclude>
    <ClInclude Include="MRCudaPointsToMeshProjector.h">
      <Filter>MeshProject</Filter>
    </ClInclude>
    <ClInclude Include="MRCudaContoursDistanceMap.cuh">
      <Filter>DistanceMaps</Filter>
    </ClInclude>
    <ClInclude Include="MRCudaPointsToMeshProjector.cuh">
      <Filter>MeshProject</Filter>
    </ClInclude>
    <ClInclude Include="MRCudaBasic.cuh">
      <Filter>Basic</Filter>
    </ClInclude>
    <ClInclude Include="MRCudaMath.cuh">
      <Filter>Basic</Filter>
    </ClInclude>
    <ClInclude Include="MRCudaFastWindingNumber.cuh">
      <Filter>FastWindingNumber</Filter>
    </ClInclude>
    <ClInclude Include="MRCudaFastWindingNumber.h">
      <Filter>FastWindingNumber</Filter>
    </ClInclude>
    <ClInclude Include="MRCudaSolarRadiation.h">
      <Filter>SolarRadiation</Filter>
    </ClInclude>
    <ClInclude Include="MRCudaSolarRadiation.cuh">
      <Filter>SolarRadiation</Filter>
    </ClInclude>
    <ClInclude Include="MRCudaPointsToDistanceVolume.h">
      <Filter>PointsToDistanceVolume</Filter>
    </ClInclude>
    <ClInclude Include="MRCudaPointsToDistanceVolume.cuh">
      <Filter>PointsToDistanceVolume</Filter>
    </ClInclude>
    <ClInclude Include="MRCudaMeshDistanceMap.h">
      <Filter>DistanceMaps</Filter>
    </ClInclude>
    <ClInclude Include="MRCudaMeshDistanceMap.cuh">
      <Filter>DistanceMaps</Filter>
    </ClInclude>
    <ClInclude Include="MRCudaMath.h">
      <Filter>Basic</Filter>
    </ClInclude>
    <ClInclude Include="MRCuda.cuh">
      <Filter>Basic</Filter>
    </ClInclude>
    <ClInclude Include="MRCudaPointsProject.cuh">
      <Filter>PointsProject</Filter>
    </ClInclude>
    <ClInclude Include="MRCudaPointsProject.h">
      <Filter>PointsProject</Filter>
    </ClInclude>
    <ClInclude Include="MRCudaPointCloud.cuh">
      <Filter>Data Holders</Filter>
    </ClInclude>
    <ClInclude Include="MRCudaPointCloud.h">
      <Filter>Data Holders</Filter>
    </ClInclude>
    <ClInclude Include="MRCudaProfiling.cuh">
      <Filter>Utilities</Filter>
    </ClInclude>
    <ClInclude Include="MRCudaPipeline.h">
      <Filter>Utilities</Filter>
    </ClInclude>
    <ClInclude Include="MRCudaPipeline.hpp">
      <Filter>Utilities</Filter>
    </ClInclude>
    <ClInclude Include="MRCudaPolylineProject.cuh">
      <Filter>AABBTree</Filter>
    </ClInclude>
    <ClInclude Include="MRCudaPolyline2Intersect.cuh">
      <Filter>AABBTree</Filter>
    </ClInclude>
    <ClInclude Include="MRCudaInplaceStack.cuh">
      <Filter>AABBTree</Filter>
    </ClInclude>
    <ClInclude Include="MRCudaPolyline.cuh">
      <Filter>Data Holders</Filter>
    </ClInclude>
    <ClInclude Include="MRCudaPolyline.h">
      <Filter>Data Holders</Filter>
    </ClInclude>
  </ItemGroup>
  <ItemGroup>
    <Filter Include="CudaTest">
      <UniqueIdentifier>{94e64b1d-68d9-4840-a9a6-604cf08763a2}</UniqueIdentifier>
    </Filter>
    <Filter Include="Basic">
      <UniqueIdentifier>{1c50f71d-47b8-4731-af22-fd25ee5c40a8}</UniqueIdentifier>
    </Filter>
    <Filter Include="MeshProject">
      <UniqueIdentifier>{4e9398df-4c38-45e8-819c-dfcdda2a4093}</UniqueIdentifier>
    </Filter>
    <Filter Include="FastWindingNumber">
      <UniqueIdentifier>{5ad9dab8-7adb-49c4-a7da-3416d396c89a}</UniqueIdentifier>
    </Filter>
    <Filter Include="SolarRadiation">
      <UniqueIdentifier>{1740019b-6425-4837-80d1-64cf6d2d5fde}</UniqueIdentifier>
    </Filter>
    <Filter Include="PointsToDistanceVolume">
      <UniqueIdentifier>{206d9aab-c103-4918-87fd-5ff271af314d}</UniqueIdentifier>
    </Filter>
    <Filter Include="DistanceMaps">
      <UniqueIdentifier>{74b4c63d-a992-4970-ae29-086c0bcb732c}</UniqueIdentifier>
    </Filter>
    <Filter Include="PointsProject">
      <UniqueIdentifier>{fb7d6bc2-1a66-4299-807a-57f4a1157f5b}</UniqueIdentifier>
    </Filter>
    <Filter Include="Data Holders">
      <UniqueIdentifier>{d0bcb7cc-9055-4c9d-b0c0-6a90956795cb}</UniqueIdentifier>
    </Filter>
    <Filter Include="Utilities">
      <UniqueIdentifier>{5eda00c2-eea4-49eb-b03d-649b9c4e8364}</UniqueIdentifier>
    </Filter>
    <Filter Include="AABBTree">
      <UniqueIdentifier>{b86a22cb-6e10-4dbe-aa82-4eb80529e8d5}</UniqueIdentifier>
    </Filter>
  </ItemGroup>
</Project>
