
Microsoft Visual Studio Solution File, Format Version 12.00
# Visual Studio Version 17
VisualStudioVersion = 17.13.35931.197 d17.13
MinimumVisualStudioVersion = 10.0.40219.1
Project("{FAE04EC0-301F-11D3-BF4B-00C04F79EFBC}") = "MRCppSharp", "MRCppSharp.csproj", "{92D0D72A-A629-4094-84D3-719022DAA2AA}"
EndProject
Global
	GlobalSection(SolutionConfigurationPlatforms) = preSolution
		Debug|Any CPU = Debug|Any CPU
		Release|Any CPU = Release|Any CPU
	EndGlobalSection
	GlobalSection(ProjectConfigurationPlatforms) = postSolution
		{92D0D72A-A629-4094-84D3-719022DAA2AA}.Debug|Any CPU.ActiveCfg = Debug|Any CPU
		{92D0D72A-A629-4094-84D3-719022DAA2AA}.Debug|Any CPU.Build.0 = Debug|Any CPU
		{92D0D72A-A629-4094-84D3-719022DAA2AA}.Release|Any CPU.ActiveCfg = Release|Any CPU
		{92D0D72A-A629-4094-84D3-719022DAA2AA}.Release|Any CPU.Build.0 = Release|Any CPU
	EndGlobalSection
	GlobalSection(SolutionProperties) = preSolution
		HideSolutionNode = FALSE
	EndGlobalSection
	GlobalSection(ExtensibilityGlobals) = postSolution
		SolutionGuid = {8B06EB28-1738-4B72-BF91-8D93D3FD7D91}
	EndGlobalSection
EndGlobal
