
Microsoft Visual Studio Solution File, Format Version 12.00
# Visual Studio Version 16
VisualStudioVersion = 16.0.30320.27
MinimumVisualStudioVersion = 10.0.40219.1
Project("{8BC9CEB8-8B4A-11D0-8D11-00A0C91BC942}") = "MRMesh", "MRMesh\MRMesh.vcxproj", "{C7780500-CA0E-4F5F-8423-D7AB06078B14}"
EndProject
Project("{8BC9CEB8-8B4A-11D0-8D11-00A0C91BC942}") = "OpenCTM", "OpenCTM\OpenCTM.vcxproj", "{2B2A22C0-F6A7-473B-8849-E1D9CB2B5793}"
EndProject
Project("{2150E333-8FDC-42A3-9474-1A3956D46DE8}") = "1 - Libs", "1 - Libs", "{AE8B4895-7920-4AD3-B554-C858A08B1680}"
EndProject
Project("{2150E333-8FDC-42A3-9474-1A3956D46DE8}") = "3 - Applications", "3 - Applications", "{E0BE85ED-C366-40EF-8BDE-70E1EDC8860F}"
EndProject
Project("{8BC9CEB8-8B4A-11D0-8D11-00A0C91BC942}") = "MRTest", "MRTest\MRTest.vcxproj", "{DF9B482B-58C3-4E7C-B67E-CFC3CDD43F73}"
EndProject
Project("{2150E333-8FDC-42A3-9474-1A3956D46DE8}") = "2 - Python", "2 - Python", "{DAEF3759-BD96-475D-AA71-96ACC5279E43}"
EndProject
Project("{8BC9CEB8-8B4A-11D0-8D11-00A0C91BC942}") = "mrmeshnumpy", "mrmeshnumpy\mrmeshnumpy.vcxproj", "{649D8FD7-77FA-4F29-909B-6C32C1EAA709}"
EndProject
Project("{8BC9CEB8-8B4A-11D0-8D11-00A0C91BC942}") = "mrmeshpy", "mrmeshpy\mrmeshpy.vcxproj", "{CC7F9661-34A7-4756-8791-ACFD10A427EB}"
EndProject
Project("{8BC9CEB8-8B4A-11D0-8D11-00A0C91BC942}") = "MRPch", "MRPch\MRPch.vcxproj", "{36516AEE-2FB9-41C0-A176-A2D49C1C26B2}"
EndProject
Project("{8BC9CEB8-8B4A-11D0-8D11-00A0C91BC942}") = "mrealgorithmspy", "mrealgorithmspy\mrealgorithmspy.vcxproj", "{3999F1C8-DCFD-41B9-9C26-F18E9718B86D}"
EndProject
Project("{8BC9CEB8-8B4A-11D0-8D11-00A0C91BC942}") = "meshconv", "meshconv\meshconv.vcxproj", "{0FE8A0D0-A227-4DF7-8F4F-D6EBA8CB6BFB}"
EndProject
Global
	GlobalSection(SolutionConfigurationPlatforms) = preSolution
		Debug|x64 = Debug|x64
		Release|x64 = Release|x64
	EndGlobalSection
	GlobalSection(ProjectConfigurationPlatforms) = postSolution
		{C7780500-CA0E-4F5F-8423-D7AB06078B14}.Debug|x64.ActiveCfg = Debug|x64
		{C7780500-CA0E-4F5F-8423-D7AB06078B14}.Debug|x64.Build.0 = Debug|x64
		{C7780500-CA0E-4F5F-8423-D7AB06078B14}.Release|x64.ActiveCfg = Release|x64
		{C7780500-CA0E-4F5F-8423-D7AB06078B14}.Release|x64.Build.0 = Release|x64
		{2B2A22C0-F6A7-473B-8849-E1D9CB2B5793}.Debug|x64.ActiveCfg = Release|x64
		{2B2A22C0-F6A7-473B-8849-E1D9CB2B5793}.Debug|x64.Build.0 = Release|x64
		{2B2A22C0-F6A7-473B-8849-E1D9CB2B5793}.Release|x64.ActiveCfg = Release|x64
		{2B2A22C0-F6A7-473B-8849-E1D9CB2B5793}.Release|x64.Build.0 = Release|x64
		{DF9B482B-58C3-4E7C-B67E-CFC3CDD43F73}.Debug|x64.ActiveCfg = Debug|x64
		{DF9B482B-58C3-4E7C-B67E-CFC3CDD43F73}.Debug|x64.Build.0 = Debug|x64
		{DF9B482B-58C3-4E7C-B67E-CFC3CDD43F73}.Release|x64.ActiveCfg = Release|x64
		{DF9B482B-58C3-4E7C-B67E-CFC3CDD43F73}.Release|x64.Build.0 = Release|x64
		{649D8FD7-77FA-4F29-909B-6C32C1EAA709}.Debug|x64.ActiveCfg = Debug|x64
		{649D8FD7-77FA-4F29-909B-6C32C1EAA709}.Debug|x64.Build.0 = Debug|x64
		{649D8FD7-77FA-4F29-909B-6C32C1EAA709}.Release|x64.ActiveCfg = Release|x64
		{649D8FD7-77FA-4F29-909B-6C32C1EAA709}.Release|x64.Build.0 = Release|x64
		{CC7F9661-34A7-4756-8791-ACFD10A427EB}.Debug|x64.ActiveCfg = Debug|x64
		{CC7F9661-34A7-4756-8791-ACFD10A427EB}.Debug|x64.Build.0 = Debug|x64
		{CC7F9661-34A7-4756-8791-ACFD10A427EB}.Release|x64.ActiveCfg = Release|x64
		{CC7F9661-34A7-4756-8791-ACFD10A427EB}.Release|x64.Build.0 = Release|x64
		{36516AEE-2FB9-41C0-A176-A2D49C1C26B2}.Debug|x64.ActiveCfg = Debug|x64
		{36516AEE-2FB9-41C0-A176-A2D49C1C26B2}.Debug|x64.Build.0 = Debug|x64
		{36516AEE-2FB9-41C0-A176-A2D49C1C26B2}.Release|x64.ActiveCfg = Release|x64
		{36516AEE-2FB9-41C0-A176-A2D49C1C26B2}.Release|x64.Build.0 = Release|x64
		{3999F1C8-DCFD-41B9-9C26-F18E9718B86D}.Debug|x64.ActiveCfg = Debug|x64
		{3999F1C8-DCFD-41B9-9C26-F18E9718B86D}.Debug|x64.Build.0 = Debug|x64
		{3999F1C8-DCFD-41B9-9C26-F18E9718B86D}.Release|x64.ActiveCfg = Release|x64
		{3999F1C8-DCFD-41B9-9C26-F18E9718B86D}.Release|x64.Build.0 = Release|x64
		{0FE8A0D0-A227-4DF7-8F4F-D6EBA8CB6BFB}.Debug|x64.ActiveCfg = Debug|x64
		{0FE8A0D0-A227-4DF7-8F4F-D6EBA8CB6BFB}.Debug|x64.Build.0 = Debug|x64
		{0FE8A0D0-A227-4DF7-8F4F-D6EBA8CB6BFB}.Release|x64.ActiveCfg = Release|x64
		{0FE8A0D0-A227-4DF7-8F4F-D6EBA8CB6BFB}.Release|x64.Build.0 = Release|x64
	EndGlobalSection
	GlobalSection(SolutionProperties) = preSolution
		HideSolutionNode = FALSE
	EndGlobalSection
	GlobalSection(NestedProjects) = preSolution
		{C7780500-CA0E-4F5F-8423-D7AB06078B14} = {AE8B4895-7920-4AD3-B554-C858A08B1680}
		{2B2A22C0-F6A7-473B-8849-E1D9CB2B5793} = {AE8B4895-7920-4AD3-B554-C858A08B1680}
		{DF9B482B-58C3-4E7C-B67E-CFC3CDD43F73} = {E0BE85ED-C366-40EF-8BDE-70E1EDC8860F}
		{649D8FD7-77FA-4F29-909B-6C32C1EAA709} = {DAEF3759-BD96-475D-AA71-96ACC5279E43}
		{CC7F9661-34A7-4756-8791-ACFD10A427EB} = {DAEF3759-BD96-475D-AA71-96ACC5279E43}
		{36516AEE-2FB9-41C0-A176-A2D49C1C26B2} = {AE8B4895-7920-4AD3-B554-C858A08B1680}
		{3999F1C8-DCFD-41B9-9C26-F18E9718B86D} = {DAEF3759-BD96-475D-AA71-96ACC5279E43}
		{0FE8A0D0-A227-4DF7-8F4F-D6EBA8CB6BFB} = {E0BE85ED-C366-40EF-8BDE-70E1EDC8860F}
	EndGlobalSection
	GlobalSection(ExtensibilityGlobals) = postSolution
		SolutionGuid = {6F7912D7-5687-4CBB-828B-1BEDD18B8249}
	EndGlobalSection
EndGlobal
