
Microsoft Visual Studio Solution File, Format Version 12.00
# Visual Studio Version 17
VisualStudioVersion = 17.10.35013.160
MinimumVisualStudioVersion = 10.0.40219.1
Project("{8BC9CEB8-8B4A-11D0-8D11-00A0C91BC942}") = "MRMesh", "MRMesh\MRMesh.vcxproj", "{C7780500-CA0E-4F5F-8423-D7AB06078B14}"
EndProject
Project("{8BC9CEB8-8B4A-11D0-8D11-00A0C91BC942}") = "OpenCTM", "OpenCTM\OpenCTM.vcxproj", "{2B2A22C0-F6A7-473B-8849-E1D9CB2B5793}"
EndProject
Project("{2150E333-8FDC-42A3-9474-1A3956D46DE8}") = "1 - Libs", "1 - Libs", "{AE8B4895-7920-4AD3-B554-C858A08B1680}"
EndProject
Project("{2150E333-8FDC-42A3-9474-1A3956D46DE8}") = "4 - Applications", "4 - Applications", "{E0BE85ED-C366-40EF-8BDE-70E1EDC8860F}"
EndProject
Project("{8BC9CEB8-8B4A-11D0-8D11-00A0C91BC942}") = "MRPch", "MRPch\MRPch.vcxproj", "{36516AEE-2FB9-41C0-A176-A2D49C1C26B2}"
EndProject
Project("{8BC9CEB8-8B4A-11D0-8D11-00A0C91BC942}") = "laz-perf", "laz-perf\laz-perf.vcxproj", "{DAA055AF-38ED-4836-A553-7539216BB64F}"
EndProject
Project("{8BC9CEB8-8B4A-11D0-8D11-00A0C91BC942}") = "MRVoxels", "MRVoxels\MRVoxels.vcxproj", "{7CC4F0FE-ACE6-4441-9DD7-296066B6D69F}"
EndProject
Project("{8BC9CEB8-8B4A-11D0-8D11-00A0C91BC942}") = "MRMeshC", "MRMeshC\MRMeshC.vcxproj", "{C6994376-089D-46E8-A88D-BA27EE69C9A8}"
EndProject
Project("{8BC9CEB8-8B4A-11D0-8D11-00A0C91BC942}") = "MRIOExtras", "MRIOExtras\MRIOExtras.vcxproj", "{99EB9674-ABBF-47CD-A8D5-EE122EB5DA0C}"
EndProject
Project("{9A19103F-16F7-4668-BE54-9A1E7A4F7556}") = "MRDotNet", "MRDotNet\MRDotNet.csproj", "{090A7149-E425-439A-887B-3807043C2431}"
EndProject
Project("{FAE04EC0-301F-11D3-BF4B-00C04F79EFBC}") = "MRDotNetTest", "MRDotNetTest\MRDotNetTest.csproj", "{E6A327C9-A59C-42DE-9233-6CC6A26F1F2D}"
EndProject
Global
	GlobalSection(SolutionConfigurationPlatforms) = preSolution
		Debug|x64 = Debug|x64
		Release|x64 = Release|x64
	EndGlobalSection
	GlobalSection(ProjectConfigurationPlatforms) = postSolution
		{C7780500-CA0E-4F5F-8423-D7AB06078B14}.Debug|x64.ActiveCfg = Debug|x64
		{C7780500-CA0E-4F5F-8423-D7AB06078B14}.Debug|x64.Build.0 = Debug|x64
		{C7780500-CA0E-4F5F-8423-D7AB06078B14}.Release|x64.ActiveCfg = Release|x64
		{C7780500-CA0E-4F5F-8423-D7AB06078B14}.Release|x64.Build.0 = Release|x64
		{2B2A22C0-F6A7-473B-8849-E1D9CB2B5793}.Debug|x64.ActiveCfg = Release|x64
		{2B2A22C0-F6A7-473B-8849-E1D9CB2B5793}.Debug|x64.Build.0 = Release|x64
		{2B2A22C0-F6A7-473B-8849-E1D9CB2B5793}.Release|x64.ActiveCfg = Release|x64
		{2B2A22C0-F6A7-473B-8849-E1D9CB2B5793}.Release|x64.Build.0 = Release|x64
		{36516AEE-2FB9-41C0-A176-A2D49C1C26B2}.Debug|x64.ActiveCfg = Debug|x64
		{36516AEE-2FB9-41C0-A176-A2D49C1C26B2}.Debug|x64.Build.0 = Debug|x64
		{36516AEE-2FB9-41C0-A176-A2D49C1C26B2}.Release|x64.ActiveCfg = Release|x64
		{36516AEE-2FB9-41C0-A176-A2D49C1C26B2}.Release|x64.Build.0 = Release|x64
		{DAA055AF-38ED-4836-A553-7539216BB64F}.Debug|x64.ActiveCfg = Debug|x64
		{DAA055AF-38ED-4836-A553-7539216BB64F}.Debug|x64.Build.0 = Debug|x64
		{DAA055AF-38ED-4836-A553-7539216BB64F}.Release|x64.ActiveCfg = Release|x64
		{DAA055AF-38ED-4836-A553-7539216BB64F}.Release|x64.Build.0 = Release|x64
		{7CC4F0FE-ACE6-4441-9DD7-296066B6D69F}.Debug|x64.ActiveCfg = Debug|x64
		{7CC4F0FE-ACE6-4441-9DD7-296066B6D69F}.Debug|x64.Build.0 = Debug|x64
		{7CC4F0FE-ACE6-4441-9DD7-296066B6D69F}.Release|x64.ActiveCfg = Release|x64
		{7CC4F0FE-ACE6-4441-9DD7-296066B6D69F}.Release|x64.Build.0 = Release|x64
		{C6994376-089D-46E8-A88D-BA27EE69C9A8}.Debug|x64.ActiveCfg = Debug|x64
		{C6994376-089D-46E8-A88D-BA27EE69C9A8}.Debug|x64.Build.0 = Debug|x64
		{C6994376-089D-46E8-A88D-BA27EE69C9A8}.Release|x64.ActiveCfg = Release|x64
		{C6994376-089D-46E8-A88D-BA27EE69C9A8}.Release|x64.Build.0 = Release|x64
		{99EB9674-ABBF-47CD-A8D5-EE122EB5DA0C}.Debug|x64.ActiveCfg = Debug|x64
		{99EB9674-ABBF-47CD-A8D5-EE122EB5DA0C}.Debug|x64.Build.0 = Debug|x64
		{99EB9674-ABBF-47CD-A8D5-EE122EB5DA0C}.Release|x64.ActiveCfg = Release|x64
		{99EB9674-ABBF-47CD-A8D5-EE122EB5DA0C}.Release|x64.Build.0 = Release|x64
		{090A7149-E425-439A-887B-3807043C2431}.Debug|x64.ActiveCfg = Debug|x64
		{090A7149-E425-439A-887B-3807043C2431}.Debug|x64.Build.0 = Debug|x64
		{090A7149-E425-439A-887B-3807043C2431}.Release|x64.ActiveCfg = Release|x64
		{090A7149-E425-439A-887B-3807043C2431}.Release|x64.Build.0 = Release|x64
		{E6A327C9-A59C-42DE-9233-6CC6A26F1F2D}.Debug|x64.ActiveCfg = Debug|x64
		{E6A327C9-A59C-42DE-9233-6CC6A26F1F2D}.Debug|x64.Build.0 = Debug|x64
		{E6A327C9-A59C-42DE-9233-6CC6A26F1F2D}.Release|x64.ActiveCfg = Release|x64
		{E6A327C9-A59C-42DE-9233-6CC6A26F1F2D}.Release|x64.Build.0 = Release|x64
	EndGlobalSection
	GlobalSection(SolutionProperties) = preSolution
		HideSolutionNode = FALSE
	EndGlobalSection
	GlobalSection(NestedProjects) = preSolution
		{C7780500-CA0E-4F5F-8423-D7AB06078B14} = {AE8B4895-7920-4AD3-B554-C858A08B1680}
		{2B2A22C0-F6A7-473B-8849-E1D9CB2B5793} = {AE8B4895-7920-4AD3-B554-C858A08B1680}
		{36516AEE-2FB9-41C0-A176-A2D49C1C26B2} = {AE8B4895-7920-4AD3-B554-C858A08B1680}
		{DAA055AF-38ED-4836-A553-7539216BB64F} = {AE8B4895-7920-4AD3-B554-C858A08B1680}
		{7CC4F0FE-ACE6-4441-9DD7-296066B6D69F} = {AE8B4895-7920-4AD3-B554-C858A08B1680}
		{C6994376-089D-46E8-A88D-BA27EE69C9A8} = {AE8B4895-7920-4AD3-B554-C858A08B1680}
		{99EB9674-ABBF-47CD-A8D5-EE122EB5DA0C} = {AE8B4895-7920-4AD3-B554-C858A08B1680}
		{090A7149-E425-439A-887B-3807043C2431} = {AE8B4895-7920-4AD3-B554-C858A08B1680}
		{E6A327C9-A59C-42DE-9233-6CC6A26F1F2D} = {E0BE85ED-C366-40EF-8BDE-70E1EDC8860F}
	EndGlobalSection
	GlobalSection(ExtensibilityGlobals) = postSolution
		SolutionGuid = {6F7912D7-5687-4CBB-828B-1BEDD18B8249}
	EndGlobalSection
EndGlobal
